// !$*UTF8*$!
{
	archiveVersion = 1;
	classes = {
	};
	objectVersion = 56;
	objects = {

/* Begin PBXBuildFile section */
		CF1296FE2A745A6F0099C4E1 /* IosUnifiedLogsApp.swift in Sources */ = {isa = PBXBuildFile; fileRef = CF1296FD2A745A6F0099C4E1 /* IosUnifiedLogsApp.swift */; };
		CF1297002A745A6F0099C4E1 /* ContentView.swift in Sources */ = {isa = PBXBuildFile; fileRef = CF1296FF2A745A6F0099C4E1 /* ContentView.swift */; };
		CF1297022A745A700099C4E1 /* Assets.xcassets in Resources */ = {isa = PBXBuildFile; fileRef = CF1297012A745A700099C4E1 /* Assets.xcassets */; };
		CF1297052A745A700099C4E1 /* Preview Assets.xcassets in Resources */ = {isa = PBXBuildFile; fileRef = CF1297042A745A700099C4E1 /* Preview Assets.xcassets */; };
		CF12970F2A74602C0099C4E1 /* libios_unified_logs.a in Frameworks */ = {isa = PBXBuildFile; fileRef = CF12970E2A74600A0099C4E1 /* libios_unified_logs.a */; };
		CF1522102A747C25007E3235 /* SWCompression in Frameworks */ = {isa = PBXBuildFile; productRef = CF15220F2A747C25007E3235 /* SWCompression */; };
		CF1522132A748788007E3235 /* Gzip in Frameworks */ = {isa = PBXBuildFile; productRef = CF1522122A748788007E3235 /* Gzip */; };
		CF1522152A75316B007E3235 /* LogArchiveReader.swift in Sources */ = {isa = PBXBuildFile; fileRef = CF1522142A75316B007E3235 /* LogArchiveReader.swift */; };
		CFBE3A122A746B4E00901031 /* SwiftBridgeCore.swift in Sources */ = {isa = PBXBuildFile; fileRef = CF1297132A7461CA0099C4E1 /* SwiftBridgeCore.swift */; };
		CFBE3A132A746B5100901031 /* ios-unified-logs.swift in Sources */ = {isa = PBXBuildFile; fileRef = CF1297162A7461CA0099C4E1 /* ios-unified-logs.swift */; };
/* End PBXBuildFile section */

/* Begin PBXFileReference section */
		CF1296FA2A745A6F0099C4E1 /* IosUnifiedLogs.app */ = {isa = PBXFileReference; explicitFileType = wrapper.application; includeInIndex = 0; path = IosUnifiedLogs.app; sourceTree = BUILT_PRODUCTS_DIR; };
		CF1296FD2A745A6F0099C4E1 /* IosUnifiedLogsApp.swift */ = {isa = PBXFileReference; lastKnownFileType = sourcecode.swift; path = IosUnifiedLogsApp.swift; sourceTree = "<group>"; };
		CF1296FF2A745A6F0099C4E1 /* ContentView.swift */ = {isa = PBXFileReference; lastKnownFileType = sourcecode.swift; path = ContentView.swift; sourceTree = "<group>"; };
		CF1297012A745A700099C4E1 /* Assets.xcassets */ = {isa = PBXFileReference; lastKnownFileType = folder.assetcatalog; path = Assets.xcassets; sourceTree = "<group>"; };
		CF1297042A745A700099C4E1 /* Preview Assets.xcassets */ = {isa = PBXFileReference; lastKnownFileType = folder.assetcatalog; path = "Preview Assets.xcassets"; sourceTree = "<group>"; };
		CF12970C2A745B590099C4E1 /* BridgingHeader.h */ = {isa = PBXFileReference; lastKnownFileType = sourcecode.c.h; path = BridgingHeader.h; sourceTree = "<group>"; };
		CF12970E2A74600A0099C4E1 /* libios_unified_logs.a */ = {isa = PBXFileReference; lastKnownFileType = archive.ar; name = libios_unified_logs.a; path = ../target/universal/debug/libios_unified_logs.a; sourceTree = "<group>"; };
		CF1297112A7461CA0099C4E1 /* .gitignore */ = {isa = PBXFileReference; lastKnownFileType = text; path = .gitignore; sourceTree = "<group>"; };
		CF1297122A7461CA0099C4E1 /* SwiftBridgeCore.h */ = {isa = PBXFileReference; lastKnownFileType = sourcecode.c.h; path = SwiftBridgeCore.h; sourceTree = "<group>"; };
		CF1297132A7461CA0099C4E1 /* SwiftBridgeCore.swift */ = {isa = PBXFileReference; lastKnownFileType = sourcecode.swift; path = SwiftBridgeCore.swift; sourceTree = "<group>"; };
		CF1297152A7461CA0099C4E1 /* ios-unified-logs.h */ = {isa = PBXFileReference; lastKnownFileType = sourcecode.c.h; path = "ios-unified-logs.h"; sourceTree = "<group>"; };
		CF1297162A7461CA0099C4E1 /* ios-unified-logs.swift */ = {isa = PBXFileReference; lastKnownFileType = sourcecode.swift; path = "ios-unified-logs.swift"; sourceTree = "<group>"; };
		CF1522142A75316B007E3235 /* LogArchiveReader.swift */ = {isa = PBXFileReference; lastKnownFileType = sourcecode.swift; path = LogArchiveReader.swift; sourceTree = "<group>"; };
		CFBE3A142A7471D900901031 /* Info.plist */ = {isa = PBXFileReference; lastKnownFileType = text.plist; path = Info.plist; sourceTree = "<group>"; };
/* End PBXFileReference section */

/* Begin PBXFrameworksBuildPhase section */
		CF1296F72A745A6F0099C4E1 /* Frameworks */ = {
			isa = PBXFrameworksBuildPhase;
			buildActionMask = 2147483647;
			files = (
				CF12970F2A74602C0099C4E1 /* libios_unified_logs.a in Frameworks */,
				CF1522102A747C25007E3235 /* SWCompression in Frameworks */,
				CF1522132A748788007E3235 /* Gzip in Frameworks */,
			);
			runOnlyForDeploymentPostprocessing = 0;
		};
/* End PBXFrameworksBuildPhase section */

/* Begin PBXGroup section */
		CF1296F12A745A6F0099C4E1 = {
			isa = PBXGroup;
			children = (
				CF1297102A7461CA0099C4E1 /* Generated */,
				CF12970C2A745B590099C4E1 /* BridgingHeader.h */,
				CF1296FC2A745A6F0099C4E1 /* IosUnifiedLogs */,
				CF1296FB2A745A6F0099C4E1 /* Products */,
				CF12970D2A74600A0099C4E1 /* Frameworks */,
			);
			sourceTree = "<group>";
		};
		CF1296FB2A745A6F0099C4E1 /* Products */ = {
			isa = PBXGroup;
			children = (
				CF1296FA2A745A6F0099C4E1 /* IosUnifiedLogs.app */,
			);
			name = Products;
			sourceTree = "<group>";
		};
		CF1296FC2A745A6F0099C4E1 /* IosUnifiedLogs */ = {
			isa = PBXGroup;
			children = (
				CFBE3A142A7471D900901031 /* Info.plist */,
				CF1296FD2A745A6F0099C4E1 /* IosUnifiedLogsApp.swift */,
				CF1296FF2A745A6F0099C4E1 /* ContentView.swift */,
				CF1297012A745A700099C4E1 /* Assets.xcassets */,
				CF1297032A745A700099C4E1 /* Preview Content */,
				CF1522142A75316B007E3235 /* LogArchiveReader.swift */,
			);
			path = IosUnifiedLogs;
			sourceTree = "<group>";
		};
		CF1297032A745A700099C4E1 /* Preview Content */ = {
			isa = PBXGroup;
			children = (
				CF1297042A745A700099C4E1 /* Preview Assets.xcassets */,
			);
			path = "Preview Content";
			sourceTree = "<group>";
		};
		CF12970D2A74600A0099C4E1 /* Frameworks */ = {
			isa = PBXGroup;
			children = (
				CF12970E2A74600A0099C4E1 /* libios_unified_logs.a */,
			);
			name = Frameworks;
			sourceTree = "<group>";
		};
		CF1297102A7461CA0099C4E1 /* Generated */ = {
			isa = PBXGroup;
			children = (
				CF1297112A7461CA0099C4E1 /* .gitignore */,
				CF1297122A7461CA0099C4E1 /* SwiftBridgeCore.h */,
				CF1297132A7461CA0099C4E1 /* SwiftBridgeCore.swift */,
				CF1297142A7461CA0099C4E1 /* ios-unified-logs */,
			);
			path = Generated;
			sourceTree = "<group>";
		};
		CF1297142A7461CA0099C4E1 /* ios-unified-logs */ = {
			isa = PBXGroup;
			children = (
				CF1297152A7461CA0099C4E1 /* ios-unified-logs.h */,
				CF1297162A7461CA0099C4E1 /* ios-unified-logs.swift */,
			);
			path = "ios-unified-logs";
			sourceTree = "<group>";
		};
/* End PBXGroup section */

/* Begin PBXNativeTarget section */
		CF1296F92A745A6F0099C4E1 /* IosUnifiedLogs */ = {
			isa = PBXNativeTarget;
			buildConfigurationList = CF1297082A745A700099C4E1 /* Build configuration list for PBXNativeTarget "IosUnifiedLogs" */;
			buildPhases = (
				CF1296F62A745A6F0099C4E1 /* Sources */,
				CF1296F72A745A6F0099C4E1 /* Frameworks */,
				CF1296F82A745A6F0099C4E1 /* Resources */,
				CF12970B2A745ABE0099C4E1 /* ShellScript */,
			);
			buildRules = (
			);
			dependencies = (
			);
			name = IosUnifiedLogs;
			packageProductDependencies = (
				CF15220F2A747C25007E3235 /* SWCompression */,
				CF1522122A748788007E3235 /* Gzip */,
			);
			productName = IosUnifiedLogs;
			productReference = CF1296FA2A745A6F0099C4E1 /* IosUnifiedLogs.app */;
			productType = "com.apple.product-type.application";
		};
/* End PBXNativeTarget section */

/* Begin PBXProject section */
		CF1296F22A745A6F0099C4E1 /* Project object */ = {
			isa = PBXProject;
			attributes = {
				BuildIndependentTargetsInParallel = 1;
				LastSwiftUpdateCheck = 1430;
				LastUpgradeCheck = 1430;
				TargetAttributes = {
					CF1296F92A745A6F0099C4E1 = {
						CreatedOnToolsVersion = 14.3.1;
					};
				};
			};
			buildConfigurationList = CF1296F52A745A6F0099C4E1 /* Build configuration list for PBXProject "IosUnifiedLogs" */;
			compatibilityVersion = "Xcode 14.0";
			developmentRegion = en;
			hasScannedForEncodings = 0;
			knownRegions = (
				en,
				Base,
			);
			mainGroup = CF1296F12A745A6F0099C4E1;
			packageReferences = (
				CF15220E2A747C25007E3235 /* XCRemoteSwiftPackageReference "SWCompression" */,
				CF1522112A748788007E3235 /* XCRemoteSwiftPackageReference "GzipSwift" */,
			);
			productRefGroup = CF1296FB2A745A6F0099C4E1 /* Products */;
			projectDirPath = "";
			projectRoot = "";
			targets = (
				CF1296F92A745A6F0099C4E1 /* IosUnifiedLogs */,
			);
		};
/* End PBXProject section */

/* Begin PBXResourcesBuildPhase section */
		CF1296F82A745A6F0099C4E1 /* Resources */ = {
			isa = PBXResourcesBuildPhase;
			buildActionMask = 2147483647;
			files = (
				CF1297052A745A700099C4E1 /* Preview Assets.xcassets in Resources */,
				CF1297022A745A700099C4E1 /* Assets.xcassets in Resources */,
			);
			runOnlyForDeploymentPostprocessing = 0;
		};
/* End PBXResourcesBuildPhase section */

/* Begin PBXShellScriptBuildPhase section */
		CF12970B2A745ABE0099C4E1 /* ShellScript */ = {
			isa = PBXShellScriptBuildPhase;
			buildActionMask = 2147483647;
			files = (
			);
			inputFileListPaths = (
			);
			inputPaths = (
			);
			outputFileListPaths = (
			);
			outputPaths = (
			);
			runOnlyForDeploymentPostprocessing = 0;
			shellPath = /bin/sh;
			shellScript = "./build-rust.sh\n";
		};
/* End PBXShellScriptBuildPhase section */

/* Begin PBXSourcesBuildPhase section */
		CF1296F62A745A6F0099C4E1 /* Sources */ = {
			isa = PBXSourcesBuildPhase;
			buildActionMask = 2147483647;
			files = (
				CF1522152A75316B007E3235 /* LogArchiveReader.swift in Sources */,
				CFBE3A132A746B5100901031 /* ios-unified-logs.swift in Sources */,
				CFBE3A122A746B4E00901031 /* SwiftBridgeCore.swift in Sources */,
				CF1297002A745A6F0099C4E1 /* ContentView.swift in Sources */,
				CF1296FE2A745A6F0099C4E1 /* IosUnifiedLogsApp.swift in Sources */,
			);
			runOnlyForDeploymentPostprocessing = 0;
		};
/* End PBXSourcesBuildPhase section */

/* Begin XCBuildConfiguration section */
		CF1297062A745A700099C4E1 /* Debug */ = {
			isa = XCBuildConfiguration;
			buildSettings = {
				ALWAYS_SEARCH_USER_PATHS = NO;
				CLANG_ANALYZER_NONNULL = YES;
				CLANG_ANALYZER_NUMBER_OBJECT_CONVERSION = YES_AGGRESSIVE;
				CLANG_CXX_LANGUAGE_STANDARD = "gnu++20";
				CLANG_ENABLE_MODULES = YES;
				CLANG_ENABLE_OBJC_ARC = YES;
				CLANG_ENABLE_OBJC_WEAK = YES;
				CLANG_WARN_BLOCK_CAPTURE_AUTORELEASING = YES;
				CLANG_WARN_BOOL_CONVERSION = YES;
				CLANG_WARN_COMMA = YES;
				CLANG_WARN_CONSTANT_CONVERSION = YES;
				CLANG_WARN_DEPRECATED_OBJC_IMPLEMENTATIONS = YES;
				CLANG_WARN_DIRECT_OBJC_ISA_USAGE = YES_ERROR;
				CLANG_WARN_DOCUMENTATION_COMMENTS = YES;
				CLANG_WARN_EMPTY_BODY = YES;
				CLANG_WARN_ENUM_CONVERSION = YES;
				CLANG_WARN_INFINITE_RECURSION = YES;
				CLANG_WARN_INT_CONVERSION = YES;
				CLANG_WARN_NON_LITERAL_NULL_CONVERSION = YES;
				CLANG_WARN_OBJC_IMPLICIT_RETAIN_SELF = YES;
				CLANG_WARN_OBJC_LITERAL_CONVERSION = YES;
				CLANG_WARN_OBJC_ROOT_CLASS = YES_ERROR;
				CLANG_WARN_QUOTED_INCLUDE_IN_FRAMEWORK_HEADER = YES;
				CLANG_WARN_RANGE_LOOP_ANALYSIS = YES;
				CLANG_WARN_STRICT_PROTOTYPES = YES;
				CLANG_WARN_SUSPICIOUS_MOVE = YES;
				CLANG_WARN_UNGUARDED_AVAILABILITY = YES_AGGRESSIVE;
				CLANG_WARN_UNREACHABLE_CODE = YES;
				CLANG_WARN__DUPLICATE_METHOD_MATCH = YES;
				COPY_PHASE_STRIP = NO;
				DEBUG_INFORMATION_FORMAT = dwarf;
				ENABLE_STRICT_OBJC_MSGSEND = YES;
				ENABLE_TESTABILITY = YES;
				GCC_C_LANGUAGE_STANDARD = gnu11;
				GCC_DYNAMIC_NO_PIC = NO;
				GCC_NO_COMMON_BLOCKS = YES;
				GCC_OPTIMIZATION_LEVEL = 0;
				GCC_PREPROCESSOR_DEFINITIONS = (
					"DEBUG=1",
					"$(inherited)",
				);
				GCC_WARN_64_TO_32_BIT_CONVERSION = YES;
				GCC_WARN_ABOUT_RETURN_TYPE = YES_ERROR;
				GCC_WARN_UNDECLARED_SELECTOR = YES;
				GCC_WARN_UNINITIALIZED_AUTOS = YES_AGGRESSIVE;
				GCC_WARN_UNUSED_FUNCTION = YES;
				GCC_WARN_UNUSED_VARIABLE = YES;
				IPHONEOS_DEPLOYMENT_TARGET = 16.4;
				MTL_ENABLE_DEBUG_INFO = INCLUDE_SOURCE;
				MTL_FAST_MATH = YES;
				ONLY_ACTIVE_ARCH = YES;
				SDKROOT = iphoneos;
				SWIFT_ACTIVE_COMPILATION_CONDITIONS = DEBUG;
				SWIFT_OPTIMIZATION_LEVEL = "-Onone";
			};
			name = Debug;
		};
		CF1297072A745A700099C4E1 /* Release */ = {
			isa = XCBuildConfiguration;
			buildSettings = {
				ALWAYS_SEARCH_USER_PATHS = NO;
				CLANG_ANALYZER_NONNULL = YES;
				CLANG_ANALYZER_NUMBER_OBJECT_CONVERSION = YES_AGGRESSIVE;
				CLANG_CXX_LANGUAGE_STANDARD = "gnu++20";
				CLANG_ENABLE_MODULES = YES;
				CLANG_ENABLE_OBJC_ARC = YES;
				CLANG_ENABLE_OBJC_WEAK = YES;
				CLANG_WARN_BLOCK_CAPTURE_AUTORELEASING = YES;
				CLANG_WARN_BOOL_CONVERSION = YES;
				CLANG_WARN_COMMA = YES;
				CLANG_WARN_CONSTANT_CONVERSION = YES;
				CLANG_WARN_DEPRECATED_OBJC_IMPLEMENTATIONS = YES;
				CLANG_WARN_DIRECT_OBJC_ISA_USAGE = YES_ERROR;
				CLANG_WARN_DOCUMENTATION_COMMENTS = YES;
				CLANG_WARN_EMPTY_BODY = YES;
				CLANG_WARN_ENUM_CONVERSION = YES;
				CLANG_WARN_INFINITE_RECURSION = YES;
				CLANG_WARN_INT_CONVERSION = YES;
				CLANG_WARN_NON_LITERAL_NULL_CONVERSION = YES;
				CLANG_WARN_OBJC_IMPLICIT_RETAIN_SELF = YES;
				CLANG_WARN_OBJC_LITERAL_CONVERSION = YES;
				CLANG_WARN_OBJC_ROOT_CLASS = YES_ERROR;
				CLANG_WARN_QUOTED_INCLUDE_IN_FRAMEWORK_HEADER = YES;
				CLANG_WARN_RANGE_LOOP_ANALYSIS = YES;
				CLANG_WARN_STRICT_PROTOTYPES = YES;
				CLANG_WARN_SUSPICIOUS_MOVE = YES;
				CLANG_WARN_UNGUARDED_AVAILABILITY = YES_AGGRESSIVE;
				CLANG_WARN_UNREACHABLE_CODE = YES;
				CLANG_WARN__DUPLICATE_METHOD_MATCH = YES;
				COPY_PHASE_STRIP = NO;
				DEBUG_INFORMATION_FORMAT = "dwarf-with-dsym";
				ENABLE_NS_ASSERTIONS = NO;
				ENABLE_STRICT_OBJC_MSGSEND = YES;
				GCC_C_LANGUAGE_STANDARD = gnu11;
				GCC_NO_COMMON_BLOCKS = YES;
				GCC_WARN_64_TO_32_BIT_CONVERSION = YES;
				GCC_WARN_ABOUT_RETURN_TYPE = YES_ERROR;
				GCC_WARN_UNDECLARED_SELECTOR = YES;
				GCC_WARN_UNINITIALIZED_AUTOS = YES_AGGRESSIVE;
				GCC_WARN_UNUSED_FUNCTION = YES;
				GCC_WARN_UNUSED_VARIABLE = YES;
				IPHONEOS_DEPLOYMENT_TARGET = 16.4;
				MTL_ENABLE_DEBUG_INFO = NO;
				MTL_FAST_MATH = YES;
				SDKROOT = iphoneos;
				SWIFT_COMPILATION_MODE = wholemodule;
				SWIFT_OPTIMIZATION_LEVEL = "-O";
				VALIDATE_PRODUCT = YES;
			};
			name = Release;
		};
		CF1297092A745A700099C4E1 /* Debug */ = {
			isa = XCBuildConfiguration;
			buildSettings = {
				ASSETCATALOG_COMPILER_APPICON_NAME = AppIcon;
				ASSETCATALOG_COMPILER_GLOBAL_ACCENT_COLOR_NAME = AccentColor;
				CODE_SIGN_STYLE = Automatic;
				CURRENT_PROJECT_VERSION = 1;
				DEVELOPMENT_ASSET_PATHS = "\"IosUnifiedLogs/Preview Content\"";
				DEVELOPMENT_TEAM = RJXNW62ZYN;
				ENABLE_PREVIEWS = YES;
				GENERATE_INFOPLIST_FILE = YES;
				INFOPLIST_FILE = IosUnifiedLogs/Info.plist;
				INFOPLIST_KEY_UIApplicationSceneManifest_Generation = YES;
				INFOPLIST_KEY_UIApplicationSupportsIndirectInputEvents = YES;
				INFOPLIST_KEY_UILaunchScreen_Generation = YES;
				INFOPLIST_KEY_UISupportedInterfaceOrientations_iPad = "UIInterfaceOrientationPortrait UIInterfaceOrientationPortraitUpsideDown UIInterfaceOrientationLandscapeLeft UIInterfaceOrientationLandscapeRight";
				INFOPLIST_KEY_UISupportedInterfaceOrientations_iPhone = "UIInterfaceOrientationPortrait UIInterfaceOrientationLandscapeLeft UIInterfaceOrientationLandscapeRight";
				IPHONEOS_DEPLOYMENT_TARGET = 14.0;
				LD_RUNPATH_SEARCH_PATHS = (
					"$(inherited)",
					"@executable_path/Frameworks",
				);
				LIBRARY_SEARCH_PATHS = "$(PROJECT_DIR)/../target/universal/debug";
				MARKETING_VERSION = 1.0;
				PRODUCT_BUNDLE_IDENTIFIER = "de.tu-darmstadt.seemoo.IosUnifiedLogs";
				PRODUCT_NAME = "$(TARGET_NAME)";
				SWIFT_EMIT_LOC_STRINGS = YES;
				SWIFT_OBJC_BRIDGING_HEADER = "$(PROJECT_DIR)/BridgingHeader.h";
				SWIFT_VERSION = 5.0;
				TARGETED_DEVICE_FAMILY = "1,2";
			};
			name = Debug;
		};
		CF12970A2A745A700099C4E1 /* Release */ = {
			isa = XCBuildConfiguration;
			buildSettings = {
				ASSETCATALOG_COMPILER_APPICON_NAME = AppIcon;
				ASSETCATALOG_COMPILER_GLOBAL_ACCENT_COLOR_NAME = AccentColor;
				CODE_SIGN_STYLE = Automatic;
				CURRENT_PROJECT_VERSION = 1;
				DEVELOPMENT_ASSET_PATHS = "\"IosUnifiedLogs/Preview Content\"";
				DEVELOPMENT_TEAM = RJXNW62ZYN;
				ENABLE_PREVIEWS = YES;
				GENERATE_INFOPLIST_FILE = YES;
				INFOPLIST_FILE = IosUnifiedLogs/Info.plist;
				INFOPLIST_KEY_UIApplicationSceneManifest_Generation = YES;
				INFOPLIST_KEY_UIApplicationSupportsIndirectInputEvents = YES;
				INFOPLIST_KEY_UILaunchScreen_Generation = YES;
				INFOPLIST_KEY_UISupportedInterfaceOrientations_iPad = "UIInterfaceOrientationPortrait UIInterfaceOrientationPortraitUpsideDown UIInterfaceOrientationLandscapeLeft UIInterfaceOrientationLandscapeRight";
				INFOPLIST_KEY_UISupportedInterfaceOrientations_iPhone = "UIInterfaceOrientationPortrait UIInterfaceOrientationLandscapeLeft UIInterfaceOrientationLandscapeRight";
				IPHONEOS_DEPLOYMENT_TARGET = 14.0;
				LD_RUNPATH_SEARCH_PATHS = (
					"$(inherited)",
					"@executable_path/Frameworks",
				);
				LIBRARY_SEARCH_PATHS = "$(PROJECT_DIR)/../target/universal/release";
				MARKETING_VERSION = 1.0;
				PRODUCT_BUNDLE_IDENTIFIER = "de.tu-darmstadt.seemoo.IosUnifiedLogs";
				PRODUCT_NAME = "$(TARGET_NAME)";
				SWIFT_EMIT_LOC_STRINGS = YES;
				SWIFT_OBJC_BRIDGING_HEADER = "$(PROJECT_DIR)/BridgingHeader.h";
				SWIFT_VERSION = 5.0;
				TARGETED_DEVICE_FAMILY = "1,2";
			};
			name = Release;
		};
/* End XCBuildConfiguration section */

/* Begin XCConfigurationList section */
		CF1296F52A745A6F0099C4E1 /* Build configuration list for PBXProject "IosUnifiedLogs" */ = {
			isa = XCConfigurationList;
			buildConfigurations = (
				CF1297062A745A700099C4E1 /* Debug */,
				CF1297072A745A700099C4E1 /* Release */,
			);
			defaultConfigurationIsVisible = 0;
			defaultConfigurationName = Release;
		};
		CF1297082A745A700099C4E1 /* Build configuration list for PBXNativeTarget "IosUnifiedLogs" */ = {
			isa = XCConfigurationList;
			buildConfigurations = (
				CF1297092A745A700099C4E1 /* Debug */,
				CF12970A2A745A700099C4E1 /* Release */,
			);
			defaultConfigurationIsVisible = 0;
			defaultConfigurationName = Release;
		};
/* End XCConfigurationList section */

/* Begin XCRemoteSwiftPackageReference section */
		CF15220E2A747C25007E3235 /* XCRemoteSwiftPackageReference "SWCompression" */ = {
			isa = XCRemoteSwiftPackageReference;
			repositoryURL = "https://github.com/tsolomko/SWCompression";
			requirement = {
				kind = upToNextMajorVersion;
				minimumVersion = 4.0.0;
			};
		};
		CF1522112A748788007E3235 /* XCRemoteSwiftPackageReference "GzipSwift" */ = {
			isa = XCRemoteSwiftPackageReference;
			repositoryURL = "https://github.com/1024jp/GzipSwift";
			requirement = {
				kind = upToNextMajorVersion;
				minimumVersion = 6.0.0;
			};
		};
/* End XCRemoteSwiftPackageReference section */

/* Begin XCSwiftPackageProductDependency section */
		CF15220F2A747C25007E3235 /* SWCompression */ = {
			isa = XCSwiftPackageProductDependency;
			package = CF15220E2A747C25007E3235 /* XCRemoteSwiftPackageReference "SWCompression" */;
			productName = SWCompression;
		};
		CF1522122A748788007E3235 /* Gzip */ = {
			isa = XCSwiftPackageProductDependency;
			package = CF1522112A748788007E3235 /* XCRemoteSwiftPackageReference "GzipSwift" */;
			productName = Gzip;
		};
/* End XCSwiftPackageProductDependency section */
	};
	rootObject = CF1296F22A745A6F0099C4E1 /* Project object */;
}
