// !$*UTF8*$!
{
	archiveVersion = 1;
	classes = {
	};
	objectVersion = 56;
	objects = {

/* Begin PBXBuildFile section */
		CF07EFA52A3B4B56005B53ED /* OperatorDefinitions.swift in Sources */ = {isa = PBXBuildFile; fileRef = CF07EFA42A3B4B56005B53ED /* OperatorDefinitions.swift */; };
		CF07EFA72A3B4C10005B53ED /* operator-definitions.json in Resources */ = {isa = PBXBuildFile; fileRef = CF07EFA62A3B4C10005B53ED /* operator-definitions.json */; };
		CF0A5678298A7A910012B2A8 /* VerificationProgressView.swift in Sources */ = {isa = PBXBuildFile; fileRef = CF0A5677298A7A910012B2A8 /* VerificationProgressView.swift */; };
		CF0FDCB529698E1500A6FFE2 /* SummaryTabView.swift in Sources */ = {isa = PBXBuildFile; fileRef = CF0FDCB429698E1500A6FFE2 /* SummaryTabView.swift */; };
		CF0FDCB729699E5100A6FFE2 /* MapTabView.swift in Sources */ = {isa = PBXBuildFile; fileRef = CF0FDCB629699E5100A6FFE2 /* MapTabView.swift */; };
		CF0FDCBB29699E8A00A6FFE2 /* CompositeTabView.swift in Sources */ = {isa = PBXBuildFile; fileRef = CF0FDCBA29699E8A00A6FFE2 /* CompositeTabView.swift */; };
		CF0FDCBD2969A21000A6FFE2 /* WelcomeSheet.swift in Sources */ = {isa = PBXBuildFile; fileRef = CF0FDCBC2969A21000A6FFE2 /* WelcomeSheet.swift */; };
		CF0FDCC02969A3E500A6FFE2 /* LargeButton.swift in Sources */ = {isa = PBXBuildFile; fileRef = CF0FDCBF2969A3E500A6FFE2 /* LargeButton.swift */; };
		CF0FDCC22969AC1100A6FFE2 /* SettingsView.swift in Sources */ = {isa = PBXBuildFile; fileRef = CF0FDCC12969AC1100A6FFE2 /* SettingsView.swift */; };
		CF0FDCC9296B310400A6FFE2 /* PersistencePreview.swift in Sources */ = {isa = PBXBuildFile; fileRef = CF0FDCC8296B310400A6FFE2 /* PersistencePreview.swift */; };
		CF0FDCCB296B466100A6FFE2 /* PersistenceError.swift in Sources */ = {isa = PBXBuildFile; fileRef = CF0FDCCA296B466100A6FFE2 /* PersistenceError.swift */; };
		CF0FDCCD296B480B00A6FFE2 /* TrackedUserLocation.swift in Sources */ = {isa = PBXBuildFile; fileRef = CF0FDCCC296B480B00A6FFE2 /* TrackedUserLocation.swift */; };
		CF15E1FA2AA33EA200D440AD /* ImportView.swift in Sources */ = {isa = PBXBuildFile; fileRef = CF15E1F92AA33EA200D440AD /* ImportView.swift */; };
		CF1FAFB32986B11200106930 /* CellReachOverlay.swift in Sources */ = {isa = PBXBuildFile; fileRef = CF1FAFB22986B11200106930 /* CellReachOverlay.swift */; };
		CF2002E82A2F2BE2000922E6 /* QMIParser.swift in Sources */ = {isa = PBXBuildFile; fileRef = CF2002E72A2F2BE2000922E6 /* QMIParser.swift */; };
		CF2002EA2A2F2BEA000922E6 /* ARIParser.swift in Sources */ = {isa = PBXBuildFile; fileRef = CF2002E92A2F2BEA000922E6 /* ARIParser.swift */; };
		CF2002ED2A2F3244000922E6 /* BinarySwift in Frameworks */ = {isa = PBXBuildFile; productRef = CF2002EC2A2F3244000922E6 /* BinarySwift */; };
		CF2002F02A2F996A000922E6 /* TweakClient.swift in Sources */ = {isa = PBXBuildFile; fileRef = CF2002EF2A2F996A000922E6 /* TweakClient.swift */; };
		CF2002F22A2F9FB5000922E6 /* CPTClient.swift in Sources */ = {isa = PBXBuildFile; fileRef = CF2002F12A2F9FB5000922E6 /* CPTClient.swift */; };
		CF208D9F2A387261003A73A7 /* PacketFilterView.swift in Sources */ = {isa = PBXBuildFile; fileRef = CF208D9E2A387261003A73A7 /* PacketFilterView.swift */; };
		CF2A1C1529754AA400E8B61C /* LocalNetworkAuthorization.swift in Sources */ = {isa = PBXBuildFile; fileRef = CF2A1C1429754AA400E8B61C /* LocalNetworkAuthorization.swift */; };
		CF2A1C182975562800E8B61C /* UserDefaultsKeys.swift in Sources */ = {isa = PBXBuildFile; fileRef = CF2A1C172975562800E8B61C /* UserDefaultsKeys.swift */; };
		CF2A1C1B2975670000E8B61C /* CGNotificationManager.swift in Sources */ = {isa = PBXBuildFile; fileRef = CF2A1C1A2975670000E8B61C /* CGNotificationManager.swift */; };
		CF2A1C1D2975C71000E8B61C /* BackgroundState.swift in Sources */ = {isa = PBXBuildFile; fileRef = CF2A1C1C2975C71000E8B61C /* BackgroundState.swift */; };
		CF2A1C202975CDD200E8B61C /* RiskIndicatorCard.swift in Sources */ = {isa = PBXBuildFile; fileRef = CF2A1C1F2975CDD200E8B61C /* RiskIndicatorCard.swift */; };
		CF2A1C222975DB8100E8B61C /* CellInformationCard.swift in Sources */ = {isa = PBXBuildFile; fileRef = CF2A1C212975DB8100E8B61C /* CellInformationCard.swift */; };
		CF2B94B32B0B676F00F24ED1 /* PacketConstants.swift in Sources */ = {isa = PBXBuildFile; fileRef = CF2B94B22B0B676F00F24ED1 /* PacketConstants.swift */; };
		CF320F5529620B16009BAD18 /* CCTParser.swift in Sources */ = {isa = PBXBuildFile; fileRef = CF320F5429620B16009BAD18 /* CCTParser.swift */; };
		CF320F5729621C42009BAD18 /* CCTClientTests.swift in Sources */ = {isa = PBXBuildFile; fileRef = CF320F5629621C42009BAD18 /* CCTClientTests.swift */; };
		CF320F59296225F9009BAD18 /* CCTResponse.txt in Resources */ = {isa = PBXBuildFile; fileRef = CF320F582962208B009BAD18 /* CCTResponse.txt */; };
		CF446754298D2A040083EE63 /* CellLocationDistance.swift in Sources */ = {isa = PBXBuildFile; fileRef = CF446753298D2A040083EE63 /* CellLocationDistance.swift */; };
		CF446756298D78F80083EE63 /* PersistenceQueries.swift in Sources */ = {isa = PBXBuildFile; fileRef = CF446755298D78F80083EE63 /* PersistenceQueries.swift */; };
		CF4E53932A31CE2500AE2059 /* ari-definitions.json in Resources */ = {isa = PBXBuildFile; fileRef = CF4E53912A31CE2500AE2059 /* ari-definitions.json */; };
		CF4E53942A31CE2500AE2059 /* qmi-definitions.json in Resources */ = {isa = PBXBuildFile; fileRef = CF4E53922A31CE2500AE2059 /* qmi-definitions.json */; };
		CF4E53962A31CE3F00AE2059 /* QMIDefinitions.swift in Sources */ = {isa = PBXBuildFile; fileRef = CF4E53952A31CE3F00AE2059 /* QMIDefinitions.swift */; };
		CF4E53982A31CE4600AE2059 /* ARIDefinitions.swift in Sources */ = {isa = PBXBuildFile; fileRef = CF4E53972A31CE4600AE2059 /* ARIDefinitions.swift */; };
		CF4E539A2A31DAAA00AE2059 /* QMIDefinitionsTests.swift in Sources */ = {isa = PBXBuildFile; fileRef = CF4E53992A31DAAA00AE2059 /* QMIDefinitionsTests.swift */; };
		CF4E539C2A31E73F00AE2059 /* CommonDefinitions.swift in Sources */ = {isa = PBXBuildFile; fileRef = CF4E539B2A31E73F00AE2059 /* CommonDefinitions.swift */; };
		CF4E539E2A31E7E100AE2059 /* ARIDefinitionTests.swift in Sources */ = {isa = PBXBuildFile; fileRef = CF4E539D2A31E7E100AE2059 /* ARIDefinitionTests.swift */; };
		CF4E53A22A321B3000AE2059 /* PacketTabView.swift in Sources */ = {isa = PBXBuildFile; fileRef = CF4E53A12A321B3000AE2059 /* PacketTabView.swift */; };
		CF4E53A62A32225300AE2059 /* ExportView.swift in Sources */ = {isa = PBXBuildFile; fileRef = CF4E53A52A32225300AE2059 /* ExportView.swift */; };
		CF53DB42297473E8005DCD10 /* CoreLocationALS.pb.swift in Sources */ = {isa = PBXBuildFile; fileRef = CF53DB41297473E8005DCD10 /* CoreLocationALS.pb.swift */; };
		CF54CCBC2A33093800961E4D /* CPTCollector.swift in Sources */ = {isa = PBXBuildFile; fileRef = CF54CCBB2A33093800961E4D /* CPTCollector.swift */; };
		CF54CCBE2A330E6D00961E4D /* CommonParser.swift in Sources */ = {isa = PBXBuildFile; fileRef = CF54CCBD2A330E6D00961E4D /* CommonParser.swift */; };
		CF54CCC12A331E7100961E4D /* PacketQMIDetailsView.swift in Sources */ = {isa = PBXBuildFile; fileRef = CF54CCC02A331E7100961E4D /* PacketQMIDetailsView.swift */; };
		CF54CCC32A331ED300961E4D /* PacketCell.swift in Sources */ = {isa = PBXBuildFile; fileRef = CF54CCC22A331ED300961E4D /* PacketCell.swift */; };
		CF54CCC52A33680200961E4D /* PacketCommonDetails.swift in Sources */ = {isa = PBXBuildFile; fileRef = CF54CCC42A33680200961E4D /* PacketCommonDetails.swift */; };
		CF54CCC72A33699A00961E4D /* PacketARIDetailsView.swift in Sources */ = {isa = PBXBuildFile; fileRef = CF54CCC62A33699A00961E4D /* PacketARIDetailsView.swift */; };
		CF5672962A29E59000B6EA7C /* TweakInfoView.swift in Sources */ = {isa = PBXBuildFile; fileRef = CF5672952A29E59000B6EA7C /* TweakInfoView.swift */; };
		CF57560E2B2F22EA00C7C60A /* libcellguard.a in Frameworks */ = {isa = PBXBuildFile; fileRef = CF57560D2B2F22BE00C7C60A /* libcellguard.a */; };
		CF5756152B2F232A00C7C60A /* cellguard.swift in Sources */ = {isa = PBXBuildFile; fileRef = CF5756122B2F232A00C7C60A /* cellguard.swift */; };
		CF57561A2B2F25DB00C7C60A /* SwiftBridgeCore.swift in Sources */ = {isa = PBXBuildFile; fileRef = CF5756182B2F25DB00C7C60A /* SwiftBridgeCore.swift */; };
		CF57561D2B2F263500C7C60A /* LogArchiveReader.swift in Sources */ = {isa = PBXBuildFile; fileRef = CF57561C2B2F263500C7C60A /* LogArchiveReader.swift */; };
		CF5756202B2F266700C7C60A /* SWCompression in Frameworks */ = {isa = PBXBuildFile; productRef = CF57561F2B2F266700C7C60A /* SWCompression */; };
		CF5AB2C02975458D00896ADC /* CellStatus.swift in Sources */ = {isa = PBXBuildFile; fileRef = CF5AB2BF2975458D00896ADC /* CellStatus.swift */; };
		CF5CBB8D29687CBB001CE9BE /* CCTParserTests.swift in Sources */ = {isa = PBXBuildFile; fileRef = CF5CBB8C29687CBB001CE9BE /* CCTParserTests.swift */; };
		CF5CBB9529689FFE001CE9BE /* CellGuardSceneDelegate.swift in Sources */ = {isa = PBXBuildFile; fileRef = CF5CBB9429689FFE001CE9BE /* CellGuardSceneDelegate.swift */; };
		CF5EA78B29892F420061E9F1 /* CGTabBarAppearance.swift in Sources */ = {isa = PBXBuildFile; fileRef = CF5EA78A29892F420061E9F1 /* CGTabBarAppearance.swift */; };
		CF5EF9202977FACA00C4F50A /* Formatters.swift in Sources */ = {isa = PBXBuildFile; fileRef = CF5EF91F2977FACA00C4F50A /* Formatters.swift */; };
		CF5EF9222977FCF800C4F50A /* CellTechnologyFormatter.swift in Sources */ = {isa = PBXBuildFile; fileRef = CF5EF9212977FCF800C4F50A /* CellTechnologyFormatter.swift */; };
		CF5EF9242978538E00C4F50A /* CellVerifier.swift in Sources */ = {isa = PBXBuildFile; fileRef = CF5EF9232978538E00C4F50A /* CellVerifier.swift */; };
		CF5EF9262978689B00C4F50A /* ALSVerifierTests.swift in Sources */ = {isa = PBXBuildFile; fileRef = CF5EF9252978689B00C4F50A /* ALSVerifierTests.swift */; };
		CF5EF92829793F7500C4F50A /* TestDetection.swift in Sources */ = {isa = PBXBuildFile; fileRef = CF5EF92729793F7500C4F50A /* TestDetection.swift */; };
		CF5EF92A2979B8D800C4F50A /* LocationSource.swift in Sources */ = {isa = PBXBuildFile; fileRef = CF5EF9292979B8D800C4F50A /* LocationSource.swift */; };
		CF6EC8AD2A6C4C88004CF0AB /* PreviewInfo.swift in Sources */ = {isa = PBXBuildFile; fileRef = CF6EC8AC2A6C4C88004CF0AB /* PreviewInfo.swift */; };
		CF6EC8B12A6D9F99004CF0AB /* CellListFilterView.swift in Sources */ = {isa = PBXBuildFile; fileRef = CF6EC8B02A6D9F99004CF0AB /* CellListFilterView.swift */; };
		CF73099A2A79122B00498BC3 /* DataSummaryView.swift in Sources */ = {isa = PBXBuildFile; fileRef = CF7309992A79122B00498BC3 /* DataSummaryView.swift */; };
		CF86C7912A6A9086002EC9B6 /* CellListView.swift in Sources */ = {isa = PBXBuildFile; fileRef = CF86C7902A6A9086002EC9B6 /* CellListView.swift */; };
		CF86C7932A6AC25D002EC9B6 /* CellDetailsView.swift in Sources */ = {isa = PBXBuildFile; fileRef = CF86C7922A6AC25D002EC9B6 /* CellDetailsView.swift */; };
		CF86C7972A6ACDAA002EC9B6 /* CellDetailsRow.swift in Sources */ = {isa = PBXBuildFile; fileRef = CF86C7962A6ACDAA002EC9B6 /* CellDetailsRow.swift */; };
		CF86C7992A6AD51D002EC9B6 /* GroupedMeasurements.swift in Sources */ = {isa = PBXBuildFile; fileRef = CF86C7982A6AD51D002EC9B6 /* GroupedMeasurements.swift */; };
		CF86C79D2A6AE0E3002EC9B6 /* TweakCellMeasurementView.swift in Sources */ = {isa = PBXBuildFile; fileRef = CF86C79C2A6AE0E3002EC9B6 /* TweakCellMeasurementView.swift */; };
		CF8D331C2AC19293009CA3F0 /* PersistenceCSVImporter.swift in Sources */ = {isa = PBXBuildFile; fileRef = CF8D331B2AC19293009CA3F0 /* PersistenceCSVImporter.swift */; };
		CF8D331E2AC192B6009CA3F0 /* PortStatus.swift in Sources */ = {isa = PBXBuildFile; fileRef = CF8D331D2AC192B6009CA3F0 /* PortStatus.swift */; };
		CF8D33212AC194A4009CA3F0 /* Atomics in Frameworks */ = {isa = PBXBuildFile; productRef = CF8D33202AC194A4009CA3F0 /* Atomics */; };
		CF90EF1B2A30BDD200E7FDB0 /* QMIParserTests.swift in Sources */ = {isa = PBXBuildFile; fileRef = CF90EF1A2A30BDD200E7FDB0 /* QMIParserTests.swift */; };
		CF90EF1D2A30E7FD00E7FDB0 /* ARIParserTests.swift in Sources */ = {isa = PBXBuildFile; fileRef = CF90EF1C2A30E7FD00E7FDB0 /* ARIParserTests.swift */; };
		CF9156B92BC9300900E6F2F6 /* macos-unifiedlogs-license.txt in Resources */ = {isa = PBXBuildFile; fileRef = CF9156B82BC9300900E6F2F6 /* macos-unifiedlogs-license.txt */; };
		CF9237112A3E069D00FC7D21 /* Gzip in Frameworks */ = {isa = PBXBuildFile; productRef = CF9237102A3E069D00FC7D21 /* Gzip */; };
		CF9237132A3E1BD300FC7D21 /* KeyValueListRow.swift in Sources */ = {isa = PBXBuildFile; fileRef = CF9237122A3E1BD300FC7D21 /* KeyValueListRow.swift */; };
		CF93B84E297FF5C3003F9FFE /* CellFileTypeIcon.png in Resources */ = {isa = PBXBuildFile; fileRef = CF93B84D297FF5C3003F9FFE /* CellFileTypeIcon.png */; };
		CF93B852297FFEF9003F9FFE /* URLIdentifiable.swift in Sources */ = {isa = PBXBuildFile; fileRef = CF93B851297FFEF9003F9FFE /* URLIdentifiable.swift */; };
		CF93B85429800278003F9FFE /* PersistenceJSONImporter.swift in Sources */ = {isa = PBXBuildFile; fileRef = CF93B85329800278003F9FFE /* PersistenceJSONImporter.swift */; };
		CF93B85629800451003F9FFE /* CellFileKeys.swift in Sources */ = {isa = PBXBuildFile; fileRef = CF93B85529800451003F9FFE /* CellFileKeys.swift */; };
		CF9626C32AB7474500C46953 /* PersistenceCSVExporter.swift in Sources */ = {isa = PBXBuildFile; fileRef = CF9626C22AB7474500C46953 /* PersistenceCSVExporter.swift */; };
		CF9EEEE62B347A7000F9B6D8 /* Regex in Frameworks */ = {isa = PBXBuildFile; productRef = CF9EEEE52B347A7000F9B6D8 /* Regex */; };
		CF9EEEE82B34B6A500F9B6D8 /* OpenSysdiagnoseSettings.swift in Sources */ = {isa = PBXBuildFile; fileRef = CF9EEEE72B34B6A500F9B6D8 /* OpenSysdiagnoseSettings.swift */; };
		CFA09CF92A73D4B000D16832 /* SwiftExtensions.swift in Sources */ = {isa = PBXBuildFile; fileRef = CFA09CF82A73D4B000D16832 /* SwiftExtensions.swift */; };
		CFA632552AB3501800D46025 /* CSV in Frameworks */ = {isa = PBXBuildFile; productRef = CFA632542AB3501800D46025 /* CSV */; };
		CFA632582AB3503400D46025 /* ZIPFoundation in Frameworks */ = {isa = PBXBuildFile; productRef = CFA632572AB3503400D46025 /* ZIPFoundation */; };
		CFB323A92BD03AE1007A6807 /* cargo-licenses.json in Resources */ = {isa = PBXBuildFile; fileRef = CFB323A82BD03AE1007A6807 /* cargo-licenses.json */; };
		CFB51834297AEFA80006C690 /* CellStatusIcon.swift in Sources */ = {isa = PBXBuildFile; fileRef = CFB51833297AEFA80006C690 /* CellStatusIcon.swift */; };
		CFB8B2882963417B00503189 /* LocationDataManager.swift in Sources */ = {isa = PBXBuildFile; fileRef = CFB8B2872963417B00503189 /* LocationDataManager.swift */; };
		CFB8B28A2963498200503189 /* CellGuardAppDelegate.swift in Sources */ = {isa = PBXBuildFile; fileRef = CFB8B2892963498200503189 /* CellGuardAppDelegate.swift */; };
		CFB8B291296359CC00503189 /* CCTCollector.swift in Sources */ = {isa = PBXBuildFile; fileRef = CFB8B290296359CC00503189 /* CCTCollector.swift */; };
		CFBEC8402BC7F6E80021C0B9 /* PacketQMI+CoreDataClass.swift in Sources */ = {isa = PBXBuildFile; fileRef = CFBEC83C2BC7F6E80021C0B9 /* PacketQMI+CoreDataClass.swift */; };
		CFBEC8422BC7F6E80021C0B9 /* PacketARI+CoreDataClass.swift in Sources */ = {isa = PBXBuildFile; fileRef = CFBEC83E2BC7F6E80021C0B9 /* PacketARI+CoreDataClass.swift */; };
		CFBEC8462BC7F7100021C0B9 /* Packet.swift in Sources */ = {isa = PBXBuildFile; fileRef = CFBEC8452BC7F7100021C0B9 /* Packet.swift */; };
		CFBEC84F2BC7F7CF0021C0B9 /* CellALS+CoreDataClass.swift in Sources */ = {isa = PBXBuildFile; fileRef = CFBEC84B2BC7F7CF0021C0B9 /* CellALS+CoreDataClass.swift */; };
		CFBEC8512BC7F7CF0021C0B9 /* CellTweak+CoreDataClass.swift in Sources */ = {isa = PBXBuildFile; fileRef = CFBEC84D2BC7F7CF0021C0B9 /* CellTweak+CoreDataClass.swift */; };
		CFBEC8542BC7F7D70021C0B9 /* Cell.swift in Sources */ = {isa = PBXBuildFile; fileRef = CFBEC8532BC7F7D70021C0B9 /* Cell.swift */; };
		CFCE7A8C29817E2500E28787 /* ALSTechnology.swift in Sources */ = {isa = PBXBuildFile; fileRef = CFCE7A8B29817E2500E28787 /* ALSTechnology.swift */; };
		CFD023372961A10D00AA5A1C /* CellGuardApp.swift in Sources */ = {isa = PBXBuildFile; fileRef = CFD023362961A10D00AA5A1C /* CellGuardApp.swift */; };
		CFD0233B2961A10D00AA5A1C /* Assets.xcassets in Resources */ = {isa = PBXBuildFile; fileRef = CFD0233A2961A10D00AA5A1C /* Assets.xcassets */; };
		CFD0233E2961A10D00AA5A1C /* Preview Assets.xcassets in Resources */ = {isa = PBXBuildFile; fileRef = CFD0233D2961A10D00AA5A1C /* Preview Assets.xcassets */; };
		CFD023402961A10D00AA5A1C /* PersistenceController.swift in Sources */ = {isa = PBXBuildFile; fileRef = CFD0233F2961A10D00AA5A1C /* PersistenceController.swift */; };
		CFD023432961A10D00AA5A1C /* CellGuard.xcdatamodeld in Sources */ = {isa = PBXBuildFile; fileRef = CFD023412961A10D00AA5A1C /* CellGuard.xcdatamodeld */; };
		CFD0234D2961A10E00AA5A1C /* CellGuardTests.swift in Sources */ = {isa = PBXBuildFile; fileRef = CFD0234C2961A10E00AA5A1C /* CellGuardTests.swift */; };
		CFD023572961A10E00AA5A1C /* CellGuardUITests.swift in Sources */ = {isa = PBXBuildFile; fileRef = CFD023562961A10E00AA5A1C /* CellGuardUITests.swift */; };
		CFD023592961A10E00AA5A1C /* CellGuardUITestsLaunchTests.swift in Sources */ = {isa = PBXBuildFile; fileRef = CFD023582961A10E00AA5A1C /* CellGuardUITestsLaunchTests.swift */; };
		CFD023682961AB9900AA5A1C /* CCTClient.swift in Sources */ = {isa = PBXBuildFile; fileRef = CFD023672961AB9900AA5A1C /* CCTClient.swift */; };
		CFD0236A2961ABA100AA5A1C /* ALSClient.swift in Sources */ = {isa = PBXBuildFile; fileRef = CFD023692961ABA100AA5A1C /* ALSClient.swift */; };
		CFD0236D2961AD1500AA5A1C /* SwiftProtobuf in Frameworks */ = {isa = PBXBuildFile; productRef = CFD0236C2961AD1500AA5A1C /* SwiftProtobuf */; };
		CFD023742961DF7400AA5A1C /* ALSClientTests.swift in Sources */ = {isa = PBXBuildFile; fileRef = CFD023732961DF7400AA5A1C /* ALSClientTests.swift */; };
		CFD8DD262A715E8300954A25 /* QMIContentParser.swift in Sources */ = {isa = PBXBuildFile; fileRef = CFD8DD252A715E8300954A25 /* QMIContentParser.swift */; };
		CFD8DD282A7175AF00954A25 /* ARIContentParser.swift in Sources */ = {isa = PBXBuildFile; fileRef = CFD8DD272A7175AF00954A25 /* ARIContentParser.swift */; };
		CFDF5D6F297EF05D000708A8 /* MultiCellMap.swift in Sources */ = {isa = PBXBuildFile; fileRef = CFDF5D6E297EF05D000708A8 /* MultiCellMap.swift */; };
		CFDF5D71297EF0C6000708A8 /* CellAnnotation.swift in Sources */ = {isa = PBXBuildFile; fileRef = CFDF5D70297EF0C6000708A8 /* CellAnnotation.swift */; };
		CFDF5D73297EF0E4000708A8 /* CellAnnotationView.swift in Sources */ = {isa = PBXBuildFile; fileRef = CFDF5D72297EF0E4000708A8 /* CellAnnotationView.swift */; };
		CFDF5D75297EF127000708A8 /* CellClusterAnnotationView.swift in Sources */ = {isa = PBXBuildFile; fileRef = CFDF5D74297EF127000708A8 /* CellClusterAnnotationView.swift */; };
		CFDF5D77297EF1E8000708A8 /* LocationAnnotation.swift in Sources */ = {isa = PBXBuildFile; fileRef = CFDF5D76297EF1E8000708A8 /* LocationAnnotation.swift */; };
		CFDF5D79297EF1EF000708A8 /* LocationAnnotationView.swift in Sources */ = {isa = PBXBuildFile; fileRef = CFDF5D78297EF1EF000708A8 /* LocationAnnotationView.swift */; };
		CFDF5D7B297EF71F000708A8 /* CellClusterAnnotation.swift in Sources */ = {isa = PBXBuildFile; fileRef = CFDF5D7A297EF71F000708A8 /* CellClusterAnnotation.swift */; };
		CFDF5D7D297EF76C000708A8 /* LocationClusterAnnotation.swift in Sources */ = {isa = PBXBuildFile; fileRef = CFDF5D7C297EF76C000708A8 /* LocationClusterAnnotation.swift */; };
		CFDF5D7F297F05A0000708A8 /* SingleCellMap.swift in Sources */ = {isa = PBXBuildFile; fileRef = CFDF5D7E297F05A0000708A8 /* SingleCellMap.swift */; };
		CFDF5D81297F05F1000708A8 /* CellMapDelegate.swift in Sources */ = {isa = PBXBuildFile; fileRef = CFDF5D80297F05F1000708A8 /* CellMapDelegate.swift */; };
		CFDF5D83297F0736000708A8 /* CommonCellMap.swift in Sources */ = {isa = PBXBuildFile; fileRef = CFDF5D82297F0736000708A8 /* CommonCellMap.swift */; };
		CFDF5D85297F09D3000708A8 /* DatabaseAnnotation.swift in Sources */ = {isa = PBXBuildFile; fileRef = CFDF5D84297F09D3000708A8 /* DatabaseAnnotation.swift */; };
		CFDF5D87297F190A000708A8 /* PersistenceJSONExporter.swift in Sources */ = {isa = PBXBuildFile; fileRef = CFDF5D86297F190A000708A8 /* PersistenceJSONExporter.swift */; };
		CFDF5D89297F340E000708A8 /* ActivityViewController.swift in Sources */ = {isa = PBXBuildFile; fileRef = CFDF5D88297F340E000708A8 /* ActivityViewController.swift */; };
		CFE4A7A92B35991C00A37C7A /* LaunchScreen.storyboard in Resources */ = {isa = PBXBuildFile; fileRef = CFE4A7A82B35991C00A37C7A /* LaunchScreen.storyboard */; };
		CFE988DF2AA88A2B0039EDF9 /* CircularProgressView.swift in Sources */ = {isa = PBXBuildFile; fileRef = CFE988DE2AA88A2B0039EDF9 /* CircularProgressView.swift */; };
		CFF05F6D2A39AA3900DE6FB2 /* DeleteView.swift in Sources */ = {isa = PBXBuildFile; fileRef = CFF05F6C2A39AA3900DE6FB2 /* DeleteView.swift */; };
		CFF05F6F2A39ABF500DE6FB2 /* PersistenceCategories.swift in Sources */ = {isa = PBXBuildFile; fileRef = CFF05F6E2A39ABF500DE6FB2 /* PersistenceCategories.swift */; };
		CFFF19DF2BC6CF47004E40CE /* Package.resolved in Resources */ = {isa = PBXBuildFile; fileRef = CFFF19DE2BC6CF47004E40CE /* Package.resolved */; };
		CFFF19E12BC6D045004E40CE /* AcknowList in Frameworks */ = {isa = PBXBuildFile; productRef = CFFF19E02BC6D045004E40CE /* AcknowList */; };
		CFFF19E32BC6D2D3004E40CE /* AcknowledgementView.swift in Sources */ = {isa = PBXBuildFile; fileRef = CFFF19E22BC6D2D3004E40CE /* AcknowledgementView.swift */; };
		CFFF19E52BC70E63004E40CE /* ImportResult.swift in Sources */ = {isa = PBXBuildFile; fileRef = CFFF19E42BC70E63004E40CE /* ImportResult.swift */; };
		CFFF19E72BC70E83004E40CE /* FirstLastDates.swift in Sources */ = {isa = PBXBuildFile; fileRef = CFFF19E62BC70E83004E40CE /* FirstLastDates.swift */; };
/* End PBXBuildFile section */

/* Begin PBXContainerItemProxy section */
		CFD023492961A10E00AA5A1C /* PBXContainerItemProxy */ = {
			isa = PBXContainerItemProxy;
			containerPortal = CFD0232B2961A10D00AA5A1C /* Project object */;
			proxyType = 1;
			remoteGlobalIDString = CFD023322961A10D00AA5A1C;
			remoteInfo = CellGuard;
		};
		CFD023532961A10E00AA5A1C /* PBXContainerItemProxy */ = {
			isa = PBXContainerItemProxy;
			containerPortal = CFD0232B2961A10D00AA5A1C /* Project object */;
			proxyType = 1;
			remoteGlobalIDString = CFD023322961A10D00AA5A1C;
			remoteInfo = CellGuard;
		};
/* End PBXContainerItemProxy section */

/* Begin PBXFileReference section */
		CF07EFA42A3B4B56005B53ED /* OperatorDefinitions.swift */ = {isa = PBXFileReference; lastKnownFileType = sourcecode.swift; path = OperatorDefinitions.swift; sourceTree = "<group>"; };
		CF07EFA62A3B4C10005B53ED /* operator-definitions.json */ = {isa = PBXFileReference; fileEncoding = 4; lastKnownFileType = text.json; path = "operator-definitions.json"; sourceTree = "<group>"; };
		CF0A5677298A7A910012B2A8 /* VerificationProgressView.swift */ = {isa = PBXFileReference; lastKnownFileType = sourcecode.swift; path = VerificationProgressView.swift; sourceTree = "<group>"; };
		CF0FDCB429698E1500A6FFE2 /* SummaryTabView.swift */ = {isa = PBXFileReference; lastKnownFileType = sourcecode.swift; path = SummaryTabView.swift; sourceTree = "<group>"; };
		CF0FDCB629699E5100A6FFE2 /* MapTabView.swift */ = {isa = PBXFileReference; lastKnownFileType = sourcecode.swift; path = MapTabView.swift; sourceTree = "<group>"; };
		CF0FDCBA29699E8A00A6FFE2 /* CompositeTabView.swift */ = {isa = PBXFileReference; lastKnownFileType = sourcecode.swift; path = CompositeTabView.swift; sourceTree = "<group>"; };
		CF0FDCBC2969A21000A6FFE2 /* WelcomeSheet.swift */ = {isa = PBXFileReference; lastKnownFileType = sourcecode.swift; path = WelcomeSheet.swift; sourceTree = "<group>"; };
		CF0FDCBF2969A3E500A6FFE2 /* LargeButton.swift */ = {isa = PBXFileReference; lastKnownFileType = sourcecode.swift; path = LargeButton.swift; sourceTree = "<group>"; };
		CF0FDCC12969AC1100A6FFE2 /* SettingsView.swift */ = {isa = PBXFileReference; lastKnownFileType = sourcecode.swift; path = SettingsView.swift; sourceTree = "<group>"; };
		CF0FDCC8296B310400A6FFE2 /* PersistencePreview.swift */ = {isa = PBXFileReference; lastKnownFileType = sourcecode.swift; path = PersistencePreview.swift; sourceTree = "<group>"; };
		CF0FDCCA296B466100A6FFE2 /* PersistenceError.swift */ = {isa = PBXFileReference; lastKnownFileType = sourcecode.swift; path = PersistenceError.swift; sourceTree = "<group>"; };
		CF0FDCCC296B480B00A6FFE2 /* TrackedUserLocation.swift */ = {isa = PBXFileReference; lastKnownFileType = sourcecode.swift; path = TrackedUserLocation.swift; sourceTree = "<group>"; };
		CF15E1F92AA33EA200D440AD /* ImportView.swift */ = {isa = PBXFileReference; lastKnownFileType = sourcecode.swift; path = ImportView.swift; sourceTree = "<group>"; };
		CF1FAFB22986B11200106930 /* CellReachOverlay.swift */ = {isa = PBXFileReference; lastKnownFileType = sourcecode.swift; path = CellReachOverlay.swift; sourceTree = "<group>"; };
		CF2002E72A2F2BE2000922E6 /* QMIParser.swift */ = {isa = PBXFileReference; lastKnownFileType = sourcecode.swift; path = QMIParser.swift; sourceTree = "<group>"; };
		CF2002E92A2F2BEA000922E6 /* ARIParser.swift */ = {isa = PBXFileReference; lastKnownFileType = sourcecode.swift; path = ARIParser.swift; sourceTree = "<group>"; };
		CF2002EF2A2F996A000922E6 /* TweakClient.swift */ = {isa = PBXFileReference; lastKnownFileType = sourcecode.swift; path = TweakClient.swift; sourceTree = "<group>"; };
		CF2002F12A2F9FB5000922E6 /* CPTClient.swift */ = {isa = PBXFileReference; lastKnownFileType = sourcecode.swift; path = CPTClient.swift; sourceTree = "<group>"; };
		CF208D9E2A387261003A73A7 /* PacketFilterView.swift */ = {isa = PBXFileReference; lastKnownFileType = sourcecode.swift; path = PacketFilterView.swift; sourceTree = "<group>"; };
		CF2A1C1429754AA400E8B61C /* LocalNetworkAuthorization.swift */ = {isa = PBXFileReference; lastKnownFileType = sourcecode.swift; path = LocalNetworkAuthorization.swift; sourceTree = "<group>"; };
		CF2A1C172975562800E8B61C /* UserDefaultsKeys.swift */ = {isa = PBXFileReference; lastKnownFileType = sourcecode.swift; path = UserDefaultsKeys.swift; sourceTree = "<group>"; };
		CF2A1C1A2975670000E8B61C /* CGNotificationManager.swift */ = {isa = PBXFileReference; lastKnownFileType = sourcecode.swift; path = CGNotificationManager.swift; sourceTree = "<group>"; };
		CF2A1C1C2975C71000E8B61C /* BackgroundState.swift */ = {isa = PBXFileReference; lastKnownFileType = sourcecode.swift; path = BackgroundState.swift; sourceTree = "<group>"; };
		CF2A1C1F2975CDD200E8B61C /* RiskIndicatorCard.swift */ = {isa = PBXFileReference; lastKnownFileType = sourcecode.swift; path = RiskIndicatorCard.swift; sourceTree = "<group>"; };
		CF2A1C212975DB8100E8B61C /* CellInformationCard.swift */ = {isa = PBXFileReference; lastKnownFileType = sourcecode.swift; path = CellInformationCard.swift; sourceTree = "<group>"; };
		CF2B94B22B0B676F00F24ED1 /* PacketConstants.swift */ = {isa = PBXFileReference; lastKnownFileType = sourcecode.swift; path = PacketConstants.swift; sourceTree = "<group>"; };
		CF320F5429620B16009BAD18 /* CCTParser.swift */ = {isa = PBXFileReference; lastKnownFileType = sourcecode.swift; path = CCTParser.swift; sourceTree = "<group>"; };
		CF320F5629621C42009BAD18 /* CCTClientTests.swift */ = {isa = PBXFileReference; lastKnownFileType = sourcecode.swift; path = CCTClientTests.swift; sourceTree = "<group>"; };
		CF320F582962208B009BAD18 /* CCTResponse.txt */ = {isa = PBXFileReference; lastKnownFileType = text; path = CCTResponse.txt; sourceTree = "<group>"; };
		CF320F5A29622B6D009BAD18 /* Info.plist */ = {isa = PBXFileReference; lastKnownFileType = text.plist; path = Info.plist; sourceTree = "<group>"; };
		CF446753298D2A040083EE63 /* CellLocationDistance.swift */ = {isa = PBXFileReference; lastKnownFileType = sourcecode.swift; path = CellLocationDistance.swift; sourceTree = "<group>"; };
		CF446755298D78F80083EE63 /* PersistenceQueries.swift */ = {isa = PBXFileReference; lastKnownFileType = sourcecode.swift; path = PersistenceQueries.swift; sourceTree = "<group>"; };
		CF4E53912A31CE2500AE2059 /* ari-definitions.json */ = {isa = PBXFileReference; fileEncoding = 4; lastKnownFileType = text.json; path = "ari-definitions.json"; sourceTree = "<group>"; };
		CF4E53922A31CE2500AE2059 /* qmi-definitions.json */ = {isa = PBXFileReference; fileEncoding = 4; lastKnownFileType = text.json; path = "qmi-definitions.json"; sourceTree = "<group>"; };
		CF4E53952A31CE3F00AE2059 /* QMIDefinitions.swift */ = {isa = PBXFileReference; lastKnownFileType = sourcecode.swift; path = QMIDefinitions.swift; sourceTree = "<group>"; };
		CF4E53972A31CE4600AE2059 /* ARIDefinitions.swift */ = {isa = PBXFileReference; lastKnownFileType = sourcecode.swift; path = ARIDefinitions.swift; sourceTree = "<group>"; };
		CF4E53992A31DAAA00AE2059 /* QMIDefinitionsTests.swift */ = {isa = PBXFileReference; lastKnownFileType = sourcecode.swift; path = QMIDefinitionsTests.swift; sourceTree = "<group>"; };
		CF4E539B2A31E73F00AE2059 /* CommonDefinitions.swift */ = {isa = PBXFileReference; lastKnownFileType = sourcecode.swift; path = CommonDefinitions.swift; sourceTree = "<group>"; };
		CF4E539D2A31E7E100AE2059 /* ARIDefinitionTests.swift */ = {isa = PBXFileReference; lastKnownFileType = sourcecode.swift; path = ARIDefinitionTests.swift; sourceTree = "<group>"; };
		CF4E53A12A321B3000AE2059 /* PacketTabView.swift */ = {isa = PBXFileReference; lastKnownFileType = sourcecode.swift; path = PacketTabView.swift; sourceTree = "<group>"; };
		CF4E53A52A32225300AE2059 /* ExportView.swift */ = {isa = PBXFileReference; lastKnownFileType = sourcecode.swift; path = ExportView.swift; sourceTree = "<group>"; };
		CF53DB41297473E8005DCD10 /* CoreLocationALS.pb.swift */ = {isa = PBXFileReference; fileEncoding = 4; lastKnownFileType = sourcecode.swift; path = CoreLocationALS.pb.swift; sourceTree = "<group>"; };
		CF54CCBB2A33093800961E4D /* CPTCollector.swift */ = {isa = PBXFileReference; lastKnownFileType = sourcecode.swift; path = CPTCollector.swift; sourceTree = "<group>"; };
		CF54CCBD2A330E6D00961E4D /* CommonParser.swift */ = {isa = PBXFileReference; lastKnownFileType = sourcecode.swift; path = CommonParser.swift; sourceTree = "<group>"; };
		CF54CCC02A331E7100961E4D /* PacketQMIDetailsView.swift */ = {isa = PBXFileReference; lastKnownFileType = sourcecode.swift; path = PacketQMIDetailsView.swift; sourceTree = "<group>"; };
		CF54CCC22A331ED300961E4D /* PacketCell.swift */ = {isa = PBXFileReference; lastKnownFileType = sourcecode.swift; path = PacketCell.swift; sourceTree = "<group>"; };
		CF54CCC42A33680200961E4D /* PacketCommonDetails.swift */ = {isa = PBXFileReference; lastKnownFileType = sourcecode.swift; path = PacketCommonDetails.swift; sourceTree = "<group>"; };
		CF54CCC62A33699A00961E4D /* PacketARIDetailsView.swift */ = {isa = PBXFileReference; lastKnownFileType = sourcecode.swift; path = PacketARIDetailsView.swift; sourceTree = "<group>"; };
		CF5672952A29E59000B6EA7C /* TweakInfoView.swift */ = {isa = PBXFileReference; lastKnownFileType = sourcecode.swift; path = TweakInfoView.swift; sourceTree = "<group>"; };
		CF57560D2B2F22BE00C7C60A /* libcellguard.a */ = {isa = PBXFileReference; lastKnownFileType = archive.ar; name = libcellguard.a; path = ../target/universal/debug/libcellguard.a; sourceTree = "<group>"; };
		CF5756122B2F232A00C7C60A /* cellguard.swift */ = {isa = PBXFileReference; fileEncoding = 4; lastKnownFileType = sourcecode.swift; path = cellguard.swift; sourceTree = "<group>"; };
		CF5756132B2F232A00C7C60A /* cellguard.h */ = {isa = PBXFileReference; fileEncoding = 4; lastKnownFileType = sourcecode.c.h; path = cellguard.h; sourceTree = "<group>"; };
		CF5756172B2F259100C7C60A /* BridgingHeader.h */ = {isa = PBXFileReference; fileEncoding = 4; lastKnownFileType = sourcecode.c.h; path = BridgingHeader.h; sourceTree = "<group>"; };
		CF5756182B2F25DB00C7C60A /* SwiftBridgeCore.swift */ = {isa = PBXFileReference; fileEncoding = 4; lastKnownFileType = sourcecode.swift; name = SwiftBridgeCore.swift; path = Generated/SwiftBridgeCore.swift; sourceTree = "<group>"; };
		CF5756192B2F25DB00C7C60A /* SwiftBridgeCore.h */ = {isa = PBXFileReference; fileEncoding = 4; lastKnownFileType = sourcecode.c.h; name = SwiftBridgeCore.h; path = Generated/SwiftBridgeCore.h; sourceTree = "<group>"; };
		CF57561C2B2F263500C7C60A /* LogArchiveReader.swift */ = {isa = PBXFileReference; lastKnownFileType = sourcecode.swift; path = LogArchiveReader.swift; sourceTree = "<group>"; };
		CF5AB2BF2975458D00896ADC /* CellStatus.swift */ = {isa = PBXFileReference; lastKnownFileType = sourcecode.swift; path = CellStatus.swift; sourceTree = "<group>"; };
		CF5CBB8C29687CBB001CE9BE /* CCTParserTests.swift */ = {isa = PBXFileReference; lastKnownFileType = sourcecode.swift; path = CCTParserTests.swift; sourceTree = "<group>"; };
		CF5CBB9429689FFE001CE9BE /* CellGuardSceneDelegate.swift */ = {isa = PBXFileReference; lastKnownFileType = sourcecode.swift; path = CellGuardSceneDelegate.swift; sourceTree = "<group>"; };
		CF5EA78A29892F420061E9F1 /* CGTabBarAppearance.swift */ = {isa = PBXFileReference; lastKnownFileType = sourcecode.swift; path = CGTabBarAppearance.swift; sourceTree = "<group>"; };
		CF5EF91F2977FACA00C4F50A /* Formatters.swift */ = {isa = PBXFileReference; lastKnownFileType = sourcecode.swift; path = Formatters.swift; sourceTree = "<group>"; };
		CF5EF9212977FCF800C4F50A /* CellTechnologyFormatter.swift */ = {isa = PBXFileReference; lastKnownFileType = sourcecode.swift; path = CellTechnologyFormatter.swift; sourceTree = "<group>"; };
		CF5EF9232978538E00C4F50A /* CellVerifier.swift */ = {isa = PBXFileReference; lastKnownFileType = sourcecode.swift; path = CellVerifier.swift; sourceTree = "<group>"; };
		CF5EF9252978689B00C4F50A /* ALSVerifierTests.swift */ = {isa = PBXFileReference; lastKnownFileType = sourcecode.swift; path = ALSVerifierTests.swift; sourceTree = "<group>"; };
		CF5EF92729793F7500C4F50A /* TestDetection.swift */ = {isa = PBXFileReference; lastKnownFileType = sourcecode.swift; path = TestDetection.swift; sourceTree = "<group>"; };
		CF5EF9292979B8D800C4F50A /* LocationSource.swift */ = {isa = PBXFileReference; lastKnownFileType = sourcecode.swift; path = LocationSource.swift; sourceTree = "<group>"; };
		CF6EC8AC2A6C4C88004CF0AB /* PreviewInfo.swift */ = {isa = PBXFileReference; lastKnownFileType = sourcecode.swift; path = PreviewInfo.swift; sourceTree = "<group>"; };
		CF6EC8B02A6D9F99004CF0AB /* CellListFilterView.swift */ = {isa = PBXFileReference; lastKnownFileType = sourcecode.swift; path = CellListFilterView.swift; sourceTree = "<group>"; };
		CF7309992A79122B00498BC3 /* DataSummaryView.swift */ = {isa = PBXFileReference; lastKnownFileType = sourcecode.swift; path = DataSummaryView.swift; sourceTree = "<group>"; };
		CF86C7902A6A9086002EC9B6 /* CellListView.swift */ = {isa = PBXFileReference; lastKnownFileType = sourcecode.swift; path = CellListView.swift; sourceTree = "<group>"; };
		CF86C7922A6AC25D002EC9B6 /* CellDetailsView.swift */ = {isa = PBXFileReference; lastKnownFileType = sourcecode.swift; path = CellDetailsView.swift; sourceTree = "<group>"; };
		CF86C7962A6ACDAA002EC9B6 /* CellDetailsRow.swift */ = {isa = PBXFileReference; lastKnownFileType = sourcecode.swift; path = CellDetailsRow.swift; sourceTree = "<group>"; };
		CF86C7982A6AD51D002EC9B6 /* GroupedMeasurements.swift */ = {isa = PBXFileReference; lastKnownFileType = sourcecode.swift; path = GroupedMeasurements.swift; sourceTree = "<group>"; };
		CF86C79C2A6AE0E3002EC9B6 /* TweakCellMeasurementView.swift */ = {isa = PBXFileReference; lastKnownFileType = sourcecode.swift; path = TweakCellMeasurementView.swift; sourceTree = "<group>"; };
		CF8D331B2AC19293009CA3F0 /* PersistenceCSVImporter.swift */ = {isa = PBXFileReference; lastKnownFileType = sourcecode.swift; path = PersistenceCSVImporter.swift; sourceTree = "<group>"; };
		CF8D331D2AC192B6009CA3F0 /* PortStatus.swift */ = {isa = PBXFileReference; lastKnownFileType = sourcecode.swift; path = PortStatus.swift; sourceTree = "<group>"; };
		CF90EF1A2A30BDD200E7FDB0 /* QMIParserTests.swift */ = {isa = PBXFileReference; lastKnownFileType = sourcecode.swift; path = QMIParserTests.swift; sourceTree = "<group>"; };
		CF90EF1C2A30E7FD00E7FDB0 /* ARIParserTests.swift */ = {isa = PBXFileReference; lastKnownFileType = sourcecode.swift; path = ARIParserTests.swift; sourceTree = "<group>"; };
		CF9156B82BC9300900E6F2F6 /* macos-unifiedlogs-license.txt */ = {isa = PBXFileReference; lastKnownFileType = text; path = "macos-unifiedlogs-license.txt"; sourceTree = "<group>"; };
		CF9237122A3E1BD300FC7D21 /* KeyValueListRow.swift */ = {isa = PBXFileReference; lastKnownFileType = sourcecode.swift; path = KeyValueListRow.swift; sourceTree = "<group>"; };
		CF93B84D297FF5C3003F9FFE /* CellFileTypeIcon.png */ = {isa = PBXFileReference; lastKnownFileType = image.png; name = CellFileTypeIcon.png; path = ../../../Icon/Apple/CellFileTypeIcon.png; sourceTree = "<group>"; };
		CF93B851297FFEF9003F9FFE /* URLIdentifiable.swift */ = {isa = PBXFileReference; lastKnownFileType = sourcecode.swift; path = URLIdentifiable.swift; sourceTree = "<group>"; };
		CF93B85329800278003F9FFE /* PersistenceJSONImporter.swift */ = {isa = PBXFileReference; lastKnownFileType = sourcecode.swift; path = PersistenceJSONImporter.swift; sourceTree = "<group>"; };
		CF93B85529800451003F9FFE /* CellFileKeys.swift */ = {isa = PBXFileReference; lastKnownFileType = sourcecode.swift; path = CellFileKeys.swift; sourceTree = "<group>"; };
		CF9626C22AB7474500C46953 /* PersistenceCSVExporter.swift */ = {isa = PBXFileReference; fileEncoding = 4; lastKnownFileType = sourcecode.swift; path = PersistenceCSVExporter.swift; sourceTree = "<group>"; };
		CF9EEEE72B34B6A500F9B6D8 /* OpenSysdiagnoseSettings.swift */ = {isa = PBXFileReference; lastKnownFileType = sourcecode.swift; path = OpenSysdiagnoseSettings.swift; sourceTree = "<group>"; };
		CFA09CF82A73D4B000D16832 /* SwiftExtensions.swift */ = {isa = PBXFileReference; lastKnownFileType = sourcecode.swift; path = SwiftExtensions.swift; sourceTree = "<group>"; };
		CFB323A82BD03AE1007A6807 /* cargo-licenses.json */ = {isa = PBXFileReference; fileEncoding = 4; lastKnownFileType = text.json; path = "cargo-licenses.json"; sourceTree = "<group>"; };
		CFB51833297AEFA80006C690 /* CellStatusIcon.swift */ = {isa = PBXFileReference; lastKnownFileType = sourcecode.swift; path = CellStatusIcon.swift; sourceTree = "<group>"; };
		CFB8B2872963417B00503189 /* LocationDataManager.swift */ = {isa = PBXFileReference; lastKnownFileType = sourcecode.swift; path = LocationDataManager.swift; sourceTree = "<group>"; };
		CFB8B2892963498200503189 /* CellGuardAppDelegate.swift */ = {isa = PBXFileReference; lastKnownFileType = sourcecode.swift; path = CellGuardAppDelegate.swift; sourceTree = "<group>"; };
		CFB8B290296359CC00503189 /* CCTCollector.swift */ = {isa = PBXFileReference; lastKnownFileType = sourcecode.swift; path = CCTCollector.swift; sourceTree = "<group>"; };
		CFBEC83C2BC7F6E80021C0B9 /* PacketQMI+CoreDataClass.swift */ = {isa = PBXFileReference; lastKnownFileType = sourcecode.swift; path = "PacketQMI+CoreDataClass.swift"; sourceTree = "<group>"; };
		CFBEC83E2BC7F6E80021C0B9 /* PacketARI+CoreDataClass.swift */ = {isa = PBXFileReference; lastKnownFileType = sourcecode.swift; path = "PacketARI+CoreDataClass.swift"; sourceTree = "<group>"; };
		CFBEC8452BC7F7100021C0B9 /* Packet.swift */ = {isa = PBXFileReference; lastKnownFileType = sourcecode.swift; path = Packet.swift; sourceTree = "<group>"; };
		CFBEC84B2BC7F7CF0021C0B9 /* CellALS+CoreDataClass.swift */ = {isa = PBXFileReference; lastKnownFileType = sourcecode.swift; path = "CellALS+CoreDataClass.swift"; sourceTree = "<group>"; };
		CFBEC84D2BC7F7CF0021C0B9 /* CellTweak+CoreDataClass.swift */ = {isa = PBXFileReference; lastKnownFileType = sourcecode.swift; path = "CellTweak+CoreDataClass.swift"; sourceTree = "<group>"; };
		CFBEC8532BC7F7D70021C0B9 /* Cell.swift */ = {isa = PBXFileReference; lastKnownFileType = sourcecode.swift; path = Cell.swift; sourceTree = "<group>"; };
		CFCE7A8B29817E2500E28787 /* ALSTechnology.swift */ = {isa = PBXFileReference; lastKnownFileType = sourcecode.swift; path = ALSTechnology.swift; sourceTree = "<group>"; };
		CFD023332961A10D00AA5A1C /* CellGuard.app */ = {isa = PBXFileReference; explicitFileType = wrapper.application; includeInIndex = 0; path = CellGuard.app; sourceTree = BUILT_PRODUCTS_DIR; };
		CFD023362961A10D00AA5A1C /* CellGuardApp.swift */ = {isa = PBXFileReference; lastKnownFileType = sourcecode.swift; path = CellGuardApp.swift; sourceTree = "<group>"; };
		CFD0233A2961A10D00AA5A1C /* Assets.xcassets */ = {isa = PBXFileReference; lastKnownFileType = folder.assetcatalog; path = Assets.xcassets; sourceTree = "<group>"; };
		CFD0233D2961A10D00AA5A1C /* Preview Assets.xcassets */ = {isa = PBXFileReference; lastKnownFileType = folder.assetcatalog; path = "Preview Assets.xcassets"; sourceTree = "<group>"; };
		CFD0233F2961A10D00AA5A1C /* PersistenceController.swift */ = {isa = PBXFileReference; lastKnownFileType = sourcecode.swift; path = PersistenceController.swift; sourceTree = "<group>"; };
		CFD023422961A10D00AA5A1C /* CellGuard.xcdatamodel */ = {isa = PBXFileReference; lastKnownFileType = wrapper.xcdatamodel; path = CellGuard.xcdatamodel; sourceTree = "<group>"; };
		CFD023482961A10E00AA5A1C /* CellGuardTests.xctest */ = {isa = PBXFileReference; explicitFileType = wrapper.cfbundle; includeInIndex = 0; path = CellGuardTests.xctest; sourceTree = BUILT_PRODUCTS_DIR; };
		CFD0234C2961A10E00AA5A1C /* CellGuardTests.swift */ = {isa = PBXFileReference; lastKnownFileType = sourcecode.swift; path = CellGuardTests.swift; sourceTree = "<group>"; };
		CFD023522961A10E00AA5A1C /* CellGuardUITests.xctest */ = {isa = PBXFileReference; explicitFileType = wrapper.cfbundle; includeInIndex = 0; path = CellGuardUITests.xctest; sourceTree = BUILT_PRODUCTS_DIR; };
		CFD023562961A10E00AA5A1C /* CellGuardUITests.swift */ = {isa = PBXFileReference; lastKnownFileType = sourcecode.swift; path = CellGuardUITests.swift; sourceTree = "<group>"; };
		CFD023582961A10E00AA5A1C /* CellGuardUITestsLaunchTests.swift */ = {isa = PBXFileReference; lastKnownFileType = sourcecode.swift; path = CellGuardUITestsLaunchTests.swift; sourceTree = "<group>"; };
		CFD023672961AB9900AA5A1C /* CCTClient.swift */ = {isa = PBXFileReference; lastKnownFileType = sourcecode.swift; path = CCTClient.swift; sourceTree = "<group>"; };
		CFD023692961ABA100AA5A1C /* ALSClient.swift */ = {isa = PBXFileReference; lastKnownFileType = sourcecode.swift; path = ALSClient.swift; sourceTree = "<group>"; };
		CFD023732961DF7400AA5A1C /* ALSClientTests.swift */ = {isa = PBXFileReference; lastKnownFileType = sourcecode.swift; path = ALSClientTests.swift; sourceTree = "<group>"; };
		CFD8DD252A715E8300954A25 /* QMIContentParser.swift */ = {isa = PBXFileReference; lastKnownFileType = sourcecode.swift; path = QMIContentParser.swift; sourceTree = "<group>"; };
		CFD8DD272A7175AF00954A25 /* ARIContentParser.swift */ = {isa = PBXFileReference; lastKnownFileType = sourcecode.swift; path = ARIContentParser.swift; sourceTree = "<group>"; };
		CFDF5D6E297EF05D000708A8 /* MultiCellMap.swift */ = {isa = PBXFileReference; lastKnownFileType = sourcecode.swift; path = MultiCellMap.swift; sourceTree = "<group>"; };
		CFDF5D70297EF0C6000708A8 /* CellAnnotation.swift */ = {isa = PBXFileReference; lastKnownFileType = sourcecode.swift; path = CellAnnotation.swift; sourceTree = "<group>"; };
		CFDF5D72297EF0E4000708A8 /* CellAnnotationView.swift */ = {isa = PBXFileReference; lastKnownFileType = sourcecode.swift; path = CellAnnotationView.swift; sourceTree = "<group>"; };
		CFDF5D74297EF127000708A8 /* CellClusterAnnotationView.swift */ = {isa = PBXFileReference; lastKnownFileType = sourcecode.swift; path = CellClusterAnnotationView.swift; sourceTree = "<group>"; };
		CFDF5D76297EF1E8000708A8 /* LocationAnnotation.swift */ = {isa = PBXFileReference; lastKnownFileType = sourcecode.swift; path = LocationAnnotation.swift; sourceTree = "<group>"; };
		CFDF5D78297EF1EF000708A8 /* LocationAnnotationView.swift */ = {isa = PBXFileReference; lastKnownFileType = sourcecode.swift; path = LocationAnnotationView.swift; sourceTree = "<group>"; };
		CFDF5D7A297EF71F000708A8 /* CellClusterAnnotation.swift */ = {isa = PBXFileReference; lastKnownFileType = sourcecode.swift; path = CellClusterAnnotation.swift; sourceTree = "<group>"; };
		CFDF5D7C297EF76C000708A8 /* LocationClusterAnnotation.swift */ = {isa = PBXFileReference; lastKnownFileType = sourcecode.swift; path = LocationClusterAnnotation.swift; sourceTree = "<group>"; };
		CFDF5D7E297F05A0000708A8 /* SingleCellMap.swift */ = {isa = PBXFileReference; lastKnownFileType = sourcecode.swift; path = SingleCellMap.swift; sourceTree = "<group>"; };
		CFDF5D80297F05F1000708A8 /* CellMapDelegate.swift */ = {isa = PBXFileReference; lastKnownFileType = sourcecode.swift; path = CellMapDelegate.swift; sourceTree = "<group>"; };
		CFDF5D82297F0736000708A8 /* CommonCellMap.swift */ = {isa = PBXFileReference; lastKnownFileType = sourcecode.swift; path = CommonCellMap.swift; sourceTree = "<group>"; };
		CFDF5D84297F09D3000708A8 /* DatabaseAnnotation.swift */ = {isa = PBXFileReference; lastKnownFileType = sourcecode.swift; path = DatabaseAnnotation.swift; sourceTree = "<group>"; };
		CFDF5D86297F190A000708A8 /* PersistenceJSONExporter.swift */ = {isa = PBXFileReference; lastKnownFileType = sourcecode.swift; path = PersistenceJSONExporter.swift; sourceTree = "<group>"; };
		CFDF5D88297F340E000708A8 /* ActivityViewController.swift */ = {isa = PBXFileReference; lastKnownFileType = sourcecode.swift; path = ActivityViewController.swift; sourceTree = "<group>"; };
		CFE4A7A82B35991C00A37C7A /* LaunchScreen.storyboard */ = {isa = PBXFileReference; lastKnownFileType = file.storyboard; path = LaunchScreen.storyboard; sourceTree = "<group>"; };
		CFE988DE2AA88A2B0039EDF9 /* CircularProgressView.swift */ = {isa = PBXFileReference; lastKnownFileType = sourcecode.swift; path = CircularProgressView.swift; sourceTree = "<group>"; };
		CFF05F6C2A39AA3900DE6FB2 /* DeleteView.swift */ = {isa = PBXFileReference; lastKnownFileType = sourcecode.swift; path = DeleteView.swift; sourceTree = "<group>"; };
		CFF05F6E2A39ABF500DE6FB2 /* PersistenceCategories.swift */ = {isa = PBXFileReference; lastKnownFileType = sourcecode.swift; path = PersistenceCategories.swift; sourceTree = "<group>"; };
		CFFF19DE2BC6CF47004E40CE /* Package.resolved */ = {isa = PBXFileReference; fileEncoding = 4; lastKnownFileType = text; name = Package.resolved; path = CellGuard.xcodeproj/project.xcworkspace/xcshareddata/swiftpm/Package.resolved; sourceTree = "<group>"; };
		CFFF19E22BC6D2D3004E40CE /* AcknowledgementView.swift */ = {isa = PBXFileReference; lastKnownFileType = sourcecode.swift; path = AcknowledgementView.swift; sourceTree = "<group>"; };
		CFFF19E42BC70E63004E40CE /* ImportResult.swift */ = {isa = PBXFileReference; lastKnownFileType = sourcecode.swift; path = ImportResult.swift; sourceTree = "<group>"; };
		CFFF19E62BC70E83004E40CE /* FirstLastDates.swift */ = {isa = PBXFileReference; lastKnownFileType = sourcecode.swift; path = FirstLastDates.swift; sourceTree = "<group>"; };
/* End PBXFileReference section */

/* Begin PBXFrameworksBuildPhase section */
		CFD023302961A10D00AA5A1C /* Frameworks */ = {
			isa = PBXFrameworksBuildPhase;
			buildActionMask = 2147483647;
			files = (
				CF57560E2B2F22EA00C7C60A /* libcellguard.a in Frameworks */,
				CF5756202B2F266700C7C60A /* SWCompression in Frameworks */,
				CFD0236D2961AD1500AA5A1C /* SwiftProtobuf in Frameworks */,
				CF2002ED2A2F3244000922E6 /* BinarySwift in Frameworks */,
				CF9237112A3E069D00FC7D21 /* Gzip in Frameworks */,
				CFFF19E12BC6D045004E40CE /* AcknowList in Frameworks */,
				CF8D33212AC194A4009CA3F0 /* Atomics in Frameworks */,
				CF9EEEE62B347A7000F9B6D8 /* Regex in Frameworks */,
				CFA632552AB3501800D46025 /* CSV in Frameworks */,
				CFA632582AB3503400D46025 /* ZIPFoundation in Frameworks */,
			);
			runOnlyForDeploymentPostprocessing = 0;
		};
		CFD023452961A10E00AA5A1C /* Frameworks */ = {
			isa = PBXFrameworksBuildPhase;
			buildActionMask = 2147483647;
			files = (
			);
			runOnlyForDeploymentPostprocessing = 0;
		};
		CFD0234F2961A10E00AA5A1C /* Frameworks */ = {
			isa = PBXFrameworksBuildPhase;
			buildActionMask = 2147483647;
			files = (
			);
			runOnlyForDeploymentPostprocessing = 0;
		};
/* End PBXFrameworksBuildPhase section */

/* Begin PBXGroup section */
		CF07EFA12A3B4B3A005B53ED /* Cells */ = {
			isa = PBXGroup;
			children = (
				CF7BE25D2A67EBCB007FF930 /* Verification */,
				CF07EFA62A3B4C10005B53ED /* operator-definitions.json */,
				CF07EFA42A3B4B56005B53ED /* OperatorDefinitions.swift */,
			);
			path = Cells;
			sourceTree = "<group>";
		};
		CF0FDCBE2969A3DB00A6FFE2 /* Helpers */ = {
			isa = PBXGroup;
			children = (
				CF2A1C1C2975C71000E8B61C /* BackgroundState.swift */,
				CF0FDCBF2969A3E500A6FFE2 /* LargeButton.swift */,
				CF5EF91F2977FACA00C4F50A /* Formatters.swift */,
				CF5EF9212977FCF800C4F50A /* CellTechnologyFormatter.swift */,
				CF93B851297FFEF9003F9FFE /* URLIdentifiable.swift */,
				CF5EA78A29892F420061E9F1 /* CGTabBarAppearance.swift */,
				CF9237122A3E1BD300FC7D21 /* KeyValueListRow.swift */,
				CFE988DE2AA88A2B0039EDF9 /* CircularProgressView.swift */,
			);
			path = Helpers;
			sourceTree = "<group>";
		};
		CF2002E62A2F2BB0000922E6 /* Capture Packets */ = {
			isa = PBXGroup;
			children = (
				CF4E53912A31CE2500AE2059 /* ari-definitions.json */,
				CF4E53922A31CE2500AE2059 /* qmi-definitions.json */,
				CF4E539B2A31E73F00AE2059 /* CommonDefinitions.swift */,
				CF4E53972A31CE4600AE2059 /* ARIDefinitions.swift */,
				CF4E53952A31CE3F00AE2059 /* QMIDefinitions.swift */,
				CF54CCBD2A330E6D00961E4D /* CommonParser.swift */,
				CF2002E92A2F2BEA000922E6 /* ARIParser.swift */,
				CF2002E72A2F2BE2000922E6 /* QMIParser.swift */,
				CFD8DD272A7175AF00954A25 /* ARIContentParser.swift */,
				CFD8DD252A715E8300954A25 /* QMIContentParser.swift */,
				CF2002F12A2F9FB5000922E6 /* CPTClient.swift */,
				CF54CCBB2A33093800961E4D /* CPTCollector.swift */,
				CF2B94B22B0B676F00F24ED1 /* PacketConstants.swift */,
			);
			path = "Capture Packets";
			sourceTree = "<group>";
		};
		CF2002EE2A2F9957000922E6 /* Tweaks */ = {
			isa = PBXGroup;
			children = (
				CFD023662961AB7E00AA5A1C /* Capture Cells */,
				CF2002E62A2F2BB0000922E6 /* Capture Packets */,
				CF2002EF2A2F996A000922E6 /* TweakClient.swift */,
			);
			path = Tweaks;
			sourceTree = "<group>";
		};
		CF2A1C19297566CE00E8B61C /* Notifications */ = {
			isa = PBXGroup;
			children = (
				CF2A1C1A2975670000E8B61C /* CGNotificationManager.swift */,
			);
			path = Notifications;
			sourceTree = "<group>";
		};
		CF2A1C1E2975CDBB00E8B61C /* Summary */ = {
			isa = PBXGroup;
			children = (
				CF0FDCB429698E1500A6FFE2 /* SummaryTabView.swift */,
				CF0FDCBC2969A21000A6FFE2 /* WelcomeSheet.swift */,
				CF2A1C1F2975CDD200E8B61C /* RiskIndicatorCard.swift */,
				CF2A1C212975DB8100E8B61C /* CellInformationCard.swift */,
				CF0A5677298A7A910012B2A8 /* VerificationProgressView.swift */,
				CF5672952A29E59000B6EA7C /* TweakInfoView.swift */,
				CF7309992A79122B00498BC3 /* DataSummaryView.swift */,
				CF9EEEE72B34B6A500F9B6D8 /* OpenSysdiagnoseSettings.swift */,
			);
			path = Summary;
			sourceTree = "<group>";
		};
		CF4EE5DF296C51A20069BA5A /* Settings */ = {
			isa = PBXGroup;
			children = (
				CF0FDCC12969AC1100A6FFE2 /* SettingsView.swift */,
				CF15E1F92AA33EA200D440AD /* ImportView.swift */,
				CF4E53A52A32225300AE2059 /* ExportView.swift */,
				CFF05F6C2A39AA3900DE6FB2 /* DeleteView.swift */,
				CFDF5D88297F340E000708A8 /* ActivityViewController.swift */,
				CFFF19E22BC6D2D3004E40CE /* AcknowledgementView.swift */,
			);
			path = Settings;
			sourceTree = "<group>";
		};
		CF4EE5E0296C51C30069BA5A /* Cells */ = {
			isa = PBXGroup;
			children = (
				CF86C7902A6A9086002EC9B6 /* CellListView.swift */,
				CF6EC8B02A6D9F99004CF0AB /* CellListFilterView.swift */,
				CF86C7922A6AC25D002EC9B6 /* CellDetailsView.swift */,
				CF86C79C2A6AE0E3002EC9B6 /* TweakCellMeasurementView.swift */,
				CFB51833297AEFA80006C690 /* CellStatusIcon.swift */,
				CF86C7962A6ACDAA002EC9B6 /* CellDetailsRow.swift */,
				CF86C7982A6AD51D002EC9B6 /* GroupedMeasurements.swift */,
			);
			path = Cells;
			sourceTree = "<group>";
		};
		CF54CCBF2A331E5400961E4D /* Packets */ = {
			isa = PBXGroup;
			children = (
				CF4E53A12A321B3000AE2059 /* PacketTabView.swift */,
				CF54CCC42A33680200961E4D /* PacketCommonDetails.swift */,
				CF54CCC62A33699A00961E4D /* PacketARIDetailsView.swift */,
				CF54CCC02A331E7100961E4D /* PacketQMIDetailsView.swift */,
				CF208D9E2A387261003A73A7 /* PacketFilterView.swift */,
				CF54CCC22A331ED300961E4D /* PacketCell.swift */,
			);
			path = Packets;
			sourceTree = "<group>";
		};
		CF57560C2B2F22BE00C7C60A /* Frameworks */ = {
			isa = PBXGroup;
			children = (
				CF57560D2B2F22BE00C7C60A /* libcellguard.a */,
			);
			name = Frameworks;
			sourceTree = "<group>";
		};
		CF5756112B2F232A00C7C60A /* cellguard */ = {
			isa = PBXGroup;
			children = (
				CF5756122B2F232A00C7C60A /* cellguard.swift */,
				CF5756132B2F232A00C7C60A /* cellguard.h */,
			);
			name = cellguard;
			path = Generated/cellguard;
			sourceTree = "<group>";
		};
		CF5756162B2F244700C7C60A /* Generated */ = {
			isa = PBXGroup;
			children = (
				CF5756192B2F25DB00C7C60A /* SwiftBridgeCore.h */,
				CF5756182B2F25DB00C7C60A /* SwiftBridgeCore.swift */,
				CF5756112B2F232A00C7C60A /* cellguard */,
			);
			name = Generated;
			sourceTree = "<group>";
		};
		CF57561B2B2F261F00C7C60A /* System Diagnoses */ = {
			isa = PBXGroup;
			children = (
				CF57561C2B2F263500C7C60A /* LogArchiveReader.swift */,
				CF9156B82BC9300900E6F2F6 /* macos-unifiedlogs-license.txt */,
			);
			path = "System Diagnoses";
			sourceTree = "<group>";
		};
		CF5CBB8A29687BD8001CE9BE /* Capture Cells */ = {
			isa = PBXGroup;
			children = (
				CF320F582962208B009BAD18 /* CCTResponse.txt */,
				CF320F5629621C42009BAD18 /* CCTClientTests.swift */,
				CF5CBB8C29687CBB001CE9BE /* CCTParserTests.swift */,
			);
			path = "Capture Cells";
			sourceTree = "<group>";
		};
		CF5CBB8B29687BF1001CE9BE /* Apple Location Service */ = {
			isa = PBXGroup;
			children = (
				CFD023732961DF7400AA5A1C /* ALSClientTests.swift */,
				CF5EF9252978689B00C4F50A /* ALSVerifierTests.swift */,
			);
			path = "Apple Location Service";
			sourceTree = "<group>";
		};
		CF5CBB962968B7E1001CE9BE /* User Interface */ = {
			isa = PBXGroup;
			children = (
				CF54CCBF2A331E5400961E4D /* Packets */,
				CF4EE5E0296C51C30069BA5A /* Cells */,
				CF0FDCBE2969A3DB00A6FFE2 /* Helpers */,
				CFDF5D6D297EEED4000708A8 /* Map */,
				CF4EE5DF296C51A20069BA5A /* Settings */,
				CF2A1C1E2975CDBB00E8B61C /* Summary */,
				CF0FDCBA29699E8A00A6FFE2 /* CompositeTabView.swift */,
				CFE4A7A82B35991C00A37C7A /* LaunchScreen.storyboard */,
			);
			path = "User Interface";
			sourceTree = "<group>";
		};
		CF7BE25D2A67EBCB007FF930 /* Verification */ = {
			isa = PBXGroup;
			children = (
				CF446753298D2A040083EE63 /* CellLocationDistance.swift */,
				CF5EF9232978538E00C4F50A /* CellVerifier.swift */,
			);
			path = Verification;
			sourceTree = "<group>";
		};
		CF90EF182A30BD3000E7FDB0 /* Tweaks */ = {
			isa = PBXGroup;
			children = (
				CF5CBB8A29687BD8001CE9BE /* Capture Cells */,
				CF90EF192A30BD4700E7FDB0 /* Capture Packets */,
			);
			path = Tweaks;
			sourceTree = "<group>";
		};
		CF90EF192A30BD4700E7FDB0 /* Capture Packets */ = {
			isa = PBXGroup;
			children = (
				CF90EF1C2A30E7FD00E7FDB0 /* ARIParserTests.swift */,
				CF90EF1A2A30BDD200E7FDB0 /* QMIParserTests.swift */,
				CF4E539D2A31E7E100AE2059 /* ARIDefinitionTests.swift */,
				CF4E53992A31DAAA00AE2059 /* QMIDefinitionsTests.swift */,
			);
			path = "Capture Packets";
			sourceTree = "<group>";
		};
		CFA145862AB3454800239C49 /* Import & Export */ = {
			isa = PBXGroup;
			children = (
				CF8D331D2AC192B6009CA3F0 /* PortStatus.swift */,
				CFF05F6E2A39ABF500DE6FB2 /* PersistenceCategories.swift */,
				CFFF19E42BC70E63004E40CE /* ImportResult.swift */,
				CFA145892AB3457100239C49 /* CSV */,
				CFA145872AB3455E00239C49 /* JSON */,
				CFFF19E62BC70E83004E40CE /* FirstLastDates.swift */,
			);
			path = "Import & Export";
			sourceTree = "<group>";
		};
		CFA145872AB3455E00239C49 /* JSON */ = {
			isa = PBXGroup;
			children = (
				CFDF5D86297F190A000708A8 /* PersistenceJSONExporter.swift */,
				CF93B85329800278003F9FFE /* PersistenceJSONImporter.swift */,
			);
			name = JSON;
			sourceTree = "<group>";
		};
		CFA145892AB3457100239C49 /* CSV */ = {
			isa = PBXGroup;
			children = (
				CF9626C22AB7474500C46953 /* PersistenceCSVExporter.swift */,
				CF8D331B2AC19293009CA3F0 /* PersistenceCSVImporter.swift */,
			);
			name = CSV;
			sourceTree = "<group>";
		};
		CFB8B28B2963560100503189 /* Core Data */ = {
			isa = PBXGroup;
			children = (
				CFBEC8442BC7F7060021C0B9 /* Objects */,
				CFA145862AB3454800239C49 /* Import & Export */,
				CF93B85529800451003F9FFE /* CellFileKeys.swift */,
				CF93B84D297FF5C3003F9FFE /* CellFileTypeIcon.png */,
				CFD023412961A10D00AA5A1C /* CellGuard.xcdatamodeld */,
				CF5AB2BF2975458D00896ADC /* CellStatus.swift */,
				CF5EF9292979B8D800C4F50A /* LocationSource.swift */,
				CFD0233F2961A10D00AA5A1C /* PersistenceController.swift */,
				CF446755298D78F80083EE63 /* PersistenceQueries.swift */,
				CF0FDCCA296B466100A6FFE2 /* PersistenceError.swift */,
				CF0FDCC8296B310400A6FFE2 /* PersistencePreview.swift */,
				CF6EC8AC2A6C4C88004CF0AB /* PreviewInfo.swift */,
			);
			path = "Core Data";
			sourceTree = "<group>";
		};
		CFBEC8442BC7F7060021C0B9 /* Objects */ = {
			isa = PBXGroup;
			children = (
				CFBEC8452BC7F7100021C0B9 /* Packet.swift */,
				CFBEC83C2BC7F6E80021C0B9 /* PacketQMI+CoreDataClass.swift */,
				CFBEC83E2BC7F6E80021C0B9 /* PacketARI+CoreDataClass.swift */,
				CFBEC8532BC7F7D70021C0B9 /* Cell.swift */,
				CFBEC84B2BC7F7CF0021C0B9 /* CellALS+CoreDataClass.swift */,
				CFBEC84D2BC7F7CF0021C0B9 /* CellTweak+CoreDataClass.swift */,
			);
			path = Objects;
			sourceTree = "<group>";
		};
		CFD0232A2961A10D00AA5A1C = {
			isa = PBXGroup;
			children = (
				CFFF19DE2BC6CF47004E40CE /* Package.resolved */,
				CF5756172B2F259100C7C60A /* BridgingHeader.h */,
				CFB323A82BD03AE1007A6807 /* cargo-licenses.json */,
				CFD023352961A10D00AA5A1C /* CellGuard */,
				CFD0234B2961A10E00AA5A1C /* CellGuardTests */,
				CFD023552961A10E00AA5A1C /* CellGuardUITests */,
				CF5756162B2F244700C7C60A /* Generated */,
				CFD023342961A10D00AA5A1C /* Products */,
				CF57560C2B2F22BE00C7C60A /* Frameworks */,
			);
			sourceTree = "<group>";
		};
		CFD023342961A10D00AA5A1C /* Products */ = {
			isa = PBXGroup;
			children = (
				CFD023332961A10D00AA5A1C /* CellGuard.app */,
				CFD023482961A10E00AA5A1C /* CellGuardTests.xctest */,
				CFD023522961A10E00AA5A1C /* CellGuardUITests.xctest */,
			);
			name = Products;
			sourceTree = "<group>";
		};
		CFD023352961A10D00AA5A1C /* CellGuard */ = {
			isa = PBXGroup;
			children = (
				CFD023652961AB6E00AA5A1C /* Apple Location Service */,
				CF2002EE2A2F9957000922E6 /* Tweaks */,
				CF57561B2B2F261F00C7C60A /* System Diagnoses */,
				CFB8B28B2963560100503189 /* Core Data */,
				CFD023702961AF1700AA5A1C /* Locations */,
				CF2A1C19297566CE00E8B61C /* Notifications */,
				CF07EFA12A3B4B3A005B53ED /* Cells */,
				CFD0233C2961A10D00AA5A1C /* Preview Content */,
				CF5CBB962968B7E1001CE9BE /* User Interface */,
				CFD0233A2961A10D00AA5A1C /* Assets.xcassets */,
				CFD023362961A10D00AA5A1C /* CellGuardApp.swift */,
				CFB8B2892963498200503189 /* CellGuardAppDelegate.swift */,
				CF5CBB9429689FFE001CE9BE /* CellGuardSceneDelegate.swift */,
				CF320F5A29622B6D009BAD18 /* Info.plist */,
				CF2A1C172975562800E8B61C /* UserDefaultsKeys.swift */,
				CF5EF92729793F7500C4F50A /* TestDetection.swift */,
				CFA09CF82A73D4B000D16832 /* SwiftExtensions.swift */,
			);
			path = CellGuard;
			sourceTree = "<group>";
		};
		CFD0233C2961A10D00AA5A1C /* Preview Content */ = {
			isa = PBXGroup;
			children = (
				CFD0233D2961A10D00AA5A1C /* Preview Assets.xcassets */,
			);
			path = "Preview Content";
			sourceTree = "<group>";
		};
		CFD0234B2961A10E00AA5A1C /* CellGuardTests */ = {
			isa = PBXGroup;
			children = (
				CF5CBB8B29687BF1001CE9BE /* Apple Location Service */,
				CF90EF182A30BD3000E7FDB0 /* Tweaks */,
				CFD0234C2961A10E00AA5A1C /* CellGuardTests.swift */,
			);
			path = CellGuardTests;
			sourceTree = "<group>";
		};
		CFD023552961A10E00AA5A1C /* CellGuardUITests */ = {
			isa = PBXGroup;
			children = (
				CFD023562961A10E00AA5A1C /* CellGuardUITests.swift */,
				CFD023582961A10E00AA5A1C /* CellGuardUITestsLaunchTests.swift */,
			);
			path = CellGuardUITests;
			sourceTree = "<group>";
		};
		CFD023652961AB6E00AA5A1C /* Apple Location Service */ = {
			isa = PBXGroup;
			children = (
				CF53DB41297473E8005DCD10 /* CoreLocationALS.pb.swift */,
				CFD023692961ABA100AA5A1C /* ALSClient.swift */,
				CFCE7A8B29817E2500E28787 /* ALSTechnology.swift */,
			);
			path = "Apple Location Service";
			sourceTree = "<group>";
		};
		CFD023662961AB7E00AA5A1C /* Capture Cells */ = {
			isa = PBXGroup;
			children = (
				CFD023672961AB9900AA5A1C /* CCTClient.swift */,
				CF320F5429620B16009BAD18 /* CCTParser.swift */,
				CFB8B290296359CC00503189 /* CCTCollector.swift */,
				CF2A1C1429754AA400E8B61C /* LocalNetworkAuthorization.swift */,
			);
			path = "Capture Cells";
			sourceTree = "<group>";
		};
		CFD023702961AF1700AA5A1C /* Locations */ = {
			isa = PBXGroup;
			children = (
				CFB8B2872963417B00503189 /* LocationDataManager.swift */,
				CF0FDCCC296B480B00A6FFE2 /* TrackedUserLocation.swift */,
			);
			path = Locations;
			sourceTree = "<group>";
		};
		CFDF5D6D297EEED4000708A8 /* Map */ = {
			isa = PBXGroup;
			children = (
				CF0FDCB629699E5100A6FFE2 /* MapTabView.swift */,
				CFDF5D82297F0736000708A8 /* CommonCellMap.swift */,
				CFDF5D80297F05F1000708A8 /* CellMapDelegate.swift */,
				CFDF5D7E297F05A0000708A8 /* SingleCellMap.swift */,
				CFDF5D6E297EF05D000708A8 /* MultiCellMap.swift */,
				CFDF5D70297EF0C6000708A8 /* CellAnnotation.swift */,
				CFDF5D72297EF0E4000708A8 /* CellAnnotationView.swift */,
				CFDF5D7A297EF71F000708A8 /* CellClusterAnnotation.swift */,
				CFDF5D74297EF127000708A8 /* CellClusterAnnotationView.swift */,
				CFDF5D84297F09D3000708A8 /* DatabaseAnnotation.swift */,
				CFDF5D76297EF1E8000708A8 /* LocationAnnotation.swift */,
				CFDF5D78297EF1EF000708A8 /* LocationAnnotationView.swift */,
				CFDF5D7C297EF76C000708A8 /* LocationClusterAnnotation.swift */,
				CF1FAFB22986B11200106930 /* CellReachOverlay.swift */,
			);
			path = Map;
			sourceTree = "<group>";
		};
/* End PBXGroup section */

/* Begin PBXNativeTarget section */
		CFD023322961A10D00AA5A1C /* CellGuard */ = {
			isa = PBXNativeTarget;
			buildConfigurationList = CFD0235C2961A10E00AA5A1C /* Build configuration list for PBXNativeTarget "CellGuard" */;
			buildPhases = (
				CFD0232F2961A10D00AA5A1C /* Sources */,
				CFD023302961A10D00AA5A1C /* Frameworks */,
				CFD023312961A10D00AA5A1C /* Resources */,
				CF57560B2B2F213A00C7C60A /* ShellScript */,
			);
			buildRules = (
			);
			dependencies = (
			);
			name = CellGuard;
			packageProductDependencies = (
				CFD0236C2961AD1500AA5A1C /* SwiftProtobuf */,
				CF2002EC2A2F3244000922E6 /* BinarySwift */,
				CF9237102A3E069D00FC7D21 /* Gzip */,
				CFA632542AB3501800D46025 /* CSV */,
				CFA632572AB3503400D46025 /* ZIPFoundation */,
				CF8D33202AC194A4009CA3F0 /* Atomics */,
				CF57561F2B2F266700C7C60A /* SWCompression */,
				CF9EEEE52B347A7000F9B6D8 /* Regex */,
				CFFF19E02BC6D045004E40CE /* AcknowList */,
			);
			productName = CellGuard;
			productReference = CFD023332961A10D00AA5A1C /* CellGuard.app */;
			productType = "com.apple.product-type.application";
		};
		CFD023472961A10E00AA5A1C /* CellGuardTests */ = {
			isa = PBXNativeTarget;
			buildConfigurationList = CFD0235F2961A10E00AA5A1C /* Build configuration list for PBXNativeTarget "CellGuardTests" */;
			buildPhases = (
				CFD023442961A10E00AA5A1C /* Sources */,
				CFD023452961A10E00AA5A1C /* Frameworks */,
				CFD023462961A10E00AA5A1C /* Resources */,
			);
			buildRules = (
			);
			dependencies = (
				CFD0234A2961A10E00AA5A1C /* PBXTargetDependency */,
			);
			name = CellGuardTests;
			productName = CellGuardTests;
			productReference = CFD023482961A10E00AA5A1C /* CellGuardTests.xctest */;
			productType = "com.apple.product-type.bundle.unit-test";
		};
		CFD023512961A10E00AA5A1C /* CellGuardUITests */ = {
			isa = PBXNativeTarget;
			buildConfigurationList = CFD023622961A10E00AA5A1C /* Build configuration list for PBXNativeTarget "CellGuardUITests" */;
			buildPhases = (
				CFD0234E2961A10E00AA5A1C /* Sources */,
				CFD0234F2961A10E00AA5A1C /* Frameworks */,
				CFD023502961A10E00AA5A1C /* Resources */,
			);
			buildRules = (
			);
			dependencies = (
				CFD023542961A10E00AA5A1C /* PBXTargetDependency */,
			);
			name = CellGuardUITests;
			productName = CellGuardUITests;
			productReference = CFD023522961A10E00AA5A1C /* CellGuardUITests.xctest */;
			productType = "com.apple.product-type.bundle.ui-testing";
		};
/* End PBXNativeTarget section */

/* Begin PBXProject section */
		CFD0232B2961A10D00AA5A1C /* Project object */ = {
			isa = PBXProject;
			attributes = {
				BuildIndependentTargetsInParallel = 1;
				LastSwiftUpdateCheck = 1420;
				LastUpgradeCheck = 1500;
				TargetAttributes = {
					CFD023322961A10D00AA5A1C = {
						CreatedOnToolsVersion = 14.2;
					};
					CFD023472961A10E00AA5A1C = {
						CreatedOnToolsVersion = 14.2;
						TestTargetID = CFD023322961A10D00AA5A1C;
					};
					CFD023512961A10E00AA5A1C = {
						CreatedOnToolsVersion = 14.2;
						TestTargetID = CFD023322961A10D00AA5A1C;
					};
				};
			};
			buildConfigurationList = CFD0232E2961A10D00AA5A1C /* Build configuration list for PBXProject "CellGuard" */;
			compatibilityVersion = "Xcode 14.0";
			developmentRegion = en;
			hasScannedForEncodings = 0;
			knownRegions = (
				en,
				Base,
			);
			mainGroup = CFD0232A2961A10D00AA5A1C;
			packageReferences = (
				CFD0236B2961AD1500AA5A1C /* XCRemoteSwiftPackageReference "swift-protobuf" */,
				CF2002EB2A2F3244000922E6 /* XCRemoteSwiftPackageReference "BinarySwift" */,
				CF92370F2A3E069D00FC7D21 /* XCRemoteSwiftPackageReference "GzipSwift" */,
				CFA632532AB3501800D46025 /* XCRemoteSwiftPackageReference "CSV.swift" */,
				CFA632562AB3503400D46025 /* XCRemoteSwiftPackageReference "ZIPFoundation" */,
				CF8D331F2AC194A4009CA3F0 /* XCRemoteSwiftPackageReference "swift-atomics" */,
				CF57561E2B2F266700C7C60A /* XCRemoteSwiftPackageReference "SWCompression" */,
				CF9EEEE42B347A7000F9B6D8 /* XCRemoteSwiftPackageReference "Regex" */,
				CFFF19DD2BC6CF0A004E40CE /* XCRemoteSwiftPackageReference "AcknowList" */,
			);
			productRefGroup = CFD023342961A10D00AA5A1C /* Products */;
			projectDirPath = "";
			projectRoot = "";
			targets = (
				CFD023322961A10D00AA5A1C /* CellGuard */,
				CFD023472961A10E00AA5A1C /* CellGuardTests */,
				CFD023512961A10E00AA5A1C /* CellGuardUITests */,
			);
		};
/* End PBXProject section */

/* Begin PBXResourcesBuildPhase section */
		CFD023312961A10D00AA5A1C /* Resources */ = {
			isa = PBXResourcesBuildPhase;
			buildActionMask = 2147483647;
			files = (
				CFB323A92BD03AE1007A6807 /* cargo-licenses.json in Resources */,
				CF07EFA72A3B4C10005B53ED /* operator-definitions.json in Resources */,
				CF4E53942A31CE2500AE2059 /* qmi-definitions.json in Resources */,
				CFD0233E2961A10D00AA5A1C /* Preview Assets.xcassets in Resources */,
				CF4E53932A31CE2500AE2059 /* ari-definitions.json in Resources */,
				CFE4A7A92B35991C00A37C7A /* LaunchScreen.storyboard in Resources */,
				CF9156B92BC9300900E6F2F6 /* macos-unifiedlogs-license.txt in Resources */,
				CF93B84E297FF5C3003F9FFE /* CellFileTypeIcon.png in Resources */,
				CFFF19DF2BC6CF47004E40CE /* Package.resolved in Resources */,
				CFD0233B2961A10D00AA5A1C /* Assets.xcassets in Resources */,
			);
			runOnlyForDeploymentPostprocessing = 0;
		};
		CFD023462961A10E00AA5A1C /* Resources */ = {
			isa = PBXResourcesBuildPhase;
			buildActionMask = 2147483647;
			files = (
				CF320F59296225F9009BAD18 /* CCTResponse.txt in Resources */,
			);
			runOnlyForDeploymentPostprocessing = 0;
		};
		CFD023502961A10E00AA5A1C /* Resources */ = {
			isa = PBXResourcesBuildPhase;
			buildActionMask = 2147483647;
			files = (
			);
			runOnlyForDeploymentPostprocessing = 0;
		};
/* End PBXResourcesBuildPhase section */

/* Begin PBXShellScriptBuildPhase section */
		CF57560B2B2F213A00C7C60A /* ShellScript */ = {
			isa = PBXShellScriptBuildPhase;
			buildActionMask = 2147483647;
			files = (
			);
			inputFileListPaths = (
			);
			inputPaths = (
				"$(PROJECT_DIR)/../Cargo.lock",
				"$(PROJECT_DIR)/../Cargo.toml",
				"$(PROJECT_DIR)/../build.rs",
				"$(PROJECT_DIR)/../src/lib.rs",
				"$(PROJECT_DIR)/../src/csv_parser.rs",
			);
			outputFileListPaths = (
			);
			outputPaths = (
				"$(PROJECT_DIR)/Generated",
				"$(PROJECT_DIR)/../target/universal/debug",
			);
			runOnlyForDeploymentPostprocessing = 0;
			shellPath = /bin/sh;
			shellScript = "./build-rust.sh\n";
		};
/* End PBXShellScriptBuildPhase section */

/* Begin PBXSourcesBuildPhase section */
		CFD0232F2961A10D00AA5A1C /* Sources */ = {
			isa = PBXSourcesBuildPhase;
			buildActionMask = 2147483647;
			files = (
				CFDF5D73297EF0E4000708A8 /* CellAnnotationView.swift in Sources */,
				CF5EA78B29892F420061E9F1 /* CGTabBarAppearance.swift in Sources */,
				CFDF5D7B297EF71F000708A8 /* CellClusterAnnotation.swift in Sources */,
				CFFF19E52BC70E63004E40CE /* ImportResult.swift in Sources */,
				CFD8DD282A7175AF00954A25 /* ARIContentParser.swift in Sources */,
				CF9626C32AB7474500C46953 /* PersistenceCSVExporter.swift in Sources */,
				CF93B852297FFEF9003F9FFE /* URLIdentifiable.swift in Sources */,
				CF0A5678298A7A910012B2A8 /* VerificationProgressView.swift in Sources */,
				CF446754298D2A040083EE63 /* CellLocationDistance.swift in Sources */,
				CFD023402961A10D00AA5A1C /* PersistenceController.swift in Sources */,
				CFCE7A8C29817E2500E28787 /* ALSTechnology.swift in Sources */,
				CFDF5D85297F09D3000708A8 /* DatabaseAnnotation.swift in Sources */,
				CF86C7992A6AD51D002EC9B6 /* GroupedMeasurements.swift in Sources */,
				CF2A1C1529754AA400E8B61C /* LocalNetworkAuthorization.swift in Sources */,
				CF15E1FA2AA33EA200D440AD /* ImportView.swift in Sources */,
				CF9237132A3E1BD300FC7D21 /* KeyValueListRow.swift in Sources */,
				CF54CCC52A33680200961E4D /* PacketCommonDetails.swift in Sources */,
				CFDF5D77297EF1E8000708A8 /* LocationAnnotation.swift in Sources */,
				CF54CCC72A33699A00961E4D /* PacketARIDetailsView.swift in Sources */,
				CF2A1C182975562800E8B61C /* UserDefaultsKeys.swift in Sources */,
				CF2A1C222975DB8100E8B61C /* CellInformationCard.swift in Sources */,
				CF57561D2B2F263500C7C60A /* LogArchiveReader.swift in Sources */,
				CFDF5D6F297EF05D000708A8 /* MultiCellMap.swift in Sources */,
				CF4E53962A31CE3F00AE2059 /* QMIDefinitions.swift in Sources */,
				CF5EF92829793F7500C4F50A /* TestDetection.swift in Sources */,
				CF446756298D78F80083EE63 /* PersistenceQueries.swift in Sources */,
				CF86C7932A6AC25D002EC9B6 /* CellDetailsView.swift in Sources */,
				CFDF5D79297EF1EF000708A8 /* LocationAnnotationView.swift in Sources */,
				CF8D331E2AC192B6009CA3F0 /* PortStatus.swift in Sources */,
				CF320F5529620B16009BAD18 /* CCTParser.swift in Sources */,
				CF2002F02A2F996A000922E6 /* TweakClient.swift in Sources */,
				CFDF5D83297F0736000708A8 /* CommonCellMap.swift in Sources */,
				CFE988DF2AA88A2B0039EDF9 /* CircularProgressView.swift in Sources */,
				CFDF5D75297EF127000708A8 /* CellClusterAnnotationView.swift in Sources */,
				CFB51834297AEFA80006C690 /* CellStatusIcon.swift in Sources */,
				CFBEC8542BC7F7D70021C0B9 /* Cell.swift in Sources */,
				CFA09CF92A73D4B000D16832 /* SwiftExtensions.swift in Sources */,
				CFB8B291296359CC00503189 /* CCTCollector.swift in Sources */,
				CF54CCC32A331ED300961E4D /* PacketCell.swift in Sources */,
				CF5672962A29E59000B6EA7C /* TweakInfoView.swift in Sources */,
				CF54CCC12A331E7100961E4D /* PacketQMIDetailsView.swift in Sources */,
				CF53DB42297473E8005DCD10 /* CoreLocationALS.pb.swift in Sources */,
				CF5EF9242978538E00C4F50A /* CellVerifier.swift in Sources */,
				CFD023432961A10D00AA5A1C /* CellGuard.xcdatamodeld in Sources */,
				CFDF5D7F297F05A0000708A8 /* SingleCellMap.swift in Sources */,
				CF5EF92A2979B8D800C4F50A /* LocationSource.swift in Sources */,
				CF4E53A22A321B3000AE2059 /* PacketTabView.swift in Sources */,
				CF2A1C1B2975670000E8B61C /* CGNotificationManager.swift in Sources */,
				CF2B94B32B0B676F00F24ED1 /* PacketConstants.swift in Sources */,
				CF4E53A62A32225300AE2059 /* ExportView.swift in Sources */,
				CFDF5D87297F190A000708A8 /* PersistenceJSONExporter.swift in Sources */,
				CF6EC8AD2A6C4C88004CF0AB /* PreviewInfo.swift in Sources */,
				CF0FDCB529698E1500A6FFE2 /* SummaryTabView.swift in Sources */,
				CF2A1C1D2975C71000E8B61C /* BackgroundState.swift in Sources */,
				CF57561A2B2F25DB00C7C60A /* SwiftBridgeCore.swift in Sources */,
				CF6EC8B12A6D9F99004CF0AB /* CellListFilterView.swift in Sources */,
				CF9EEEE82B34B6A500F9B6D8 /* OpenSysdiagnoseSettings.swift in Sources */,
				CF0FDCC22969AC1100A6FFE2 /* SettingsView.swift in Sources */,
				CFFF19E72BC70E83004E40CE /* FirstLastDates.swift in Sources */,
				CFD023682961AB9900AA5A1C /* CCTClient.swift in Sources */,
				CF73099A2A79122B00498BC3 /* DataSummaryView.swift in Sources */,
				CF1FAFB32986B11200106930 /* CellReachOverlay.swift in Sources */,
				CFB8B28A2963498200503189 /* CellGuardAppDelegate.swift in Sources */,
				CF0FDCB729699E5100A6FFE2 /* MapTabView.swift in Sources */,
				CF86C7912A6A9086002EC9B6 /* CellListView.swift in Sources */,
				CF86C79D2A6AE0E3002EC9B6 /* TweakCellMeasurementView.swift in Sources */,
				CF0FDCC02969A3E500A6FFE2 /* LargeButton.swift in Sources */,
				CFBEC84F2BC7F7CF0021C0B9 /* CellALS+CoreDataClass.swift in Sources */,
				CFBEC8512BC7F7CF0021C0B9 /* CellTweak+CoreDataClass.swift in Sources */,
				CFDF5D7D297EF76C000708A8 /* LocationClusterAnnotation.swift in Sources */,
				CF4E539C2A31E73F00AE2059 /* CommonDefinitions.swift in Sources */,
				CFDF5D89297F340E000708A8 /* ActivityViewController.swift in Sources */,
				CF93B85429800278003F9FFE /* PersistenceJSONImporter.swift in Sources */,
				CFDF5D71297EF0C6000708A8 /* CellAnnotation.swift in Sources */,
				CF208D9F2A387261003A73A7 /* PacketFilterView.swift in Sources */,
				CF2A1C202975CDD200E8B61C /* RiskIndicatorCard.swift in Sources */,
				CF2002EA2A2F2BEA000922E6 /* ARIParser.swift in Sources */,
				CF5EF9202977FACA00C4F50A /* Formatters.swift in Sources */,
				CF54CCBE2A330E6D00961E4D /* CommonParser.swift in Sources */,
				CF2002F22A2F9FB5000922E6 /* CPTClient.swift in Sources */,
				CFDF5D81297F05F1000708A8 /* CellMapDelegate.swift in Sources */,
				CFF05F6F2A39ABF500DE6FB2 /* PersistenceCategories.swift in Sources */,
				CF0FDCC9296B310400A6FFE2 /* PersistencePreview.swift in Sources */,
				CFBEC8402BC7F6E80021C0B9 /* PacketQMI+CoreDataClass.swift in Sources */,
				CFBEC8422BC7F6E80021C0B9 /* PacketARI+CoreDataClass.swift in Sources */,
				CFFF19E32BC6D2D3004E40CE /* AcknowledgementView.swift in Sources */,
				CF07EFA52A3B4B56005B53ED /* OperatorDefinitions.swift in Sources */,
				CF8D331C2AC19293009CA3F0 /* PersistenceCSVImporter.swift in Sources */,
				CFD0236A2961ABA100AA5A1C /* ALSClient.swift in Sources */,
				CFF05F6D2A39AA3900DE6FB2 /* DeleteView.swift in Sources */,
				CF0FDCCB296B466100A6FFE2 /* PersistenceError.swift in Sources */,
				CF4E53982A31CE4600AE2059 /* ARIDefinitions.swift in Sources */,
				CF54CCBC2A33093800961E4D /* CPTCollector.swift in Sources */,
				CF5AB2C02975458D00896ADC /* CellStatus.swift in Sources */,
				CF0FDCCD296B480B00A6FFE2 /* TrackedUserLocation.swift in Sources */,
				CFB8B2882963417B00503189 /* LocationDataManager.swift in Sources */,
				CFD8DD262A715E8300954A25 /* QMIContentParser.swift in Sources */,
				CF5CBB9529689FFE001CE9BE /* CellGuardSceneDelegate.swift in Sources */,
				CFD023372961A10D00AA5A1C /* CellGuardApp.swift in Sources */,
				CF0FDCBD2969A21000A6FFE2 /* WelcomeSheet.swift in Sources */,
				CF0FDCBB29699E8A00A6FFE2 /* CompositeTabView.swift in Sources */,
				CF2002E82A2F2BE2000922E6 /* QMIParser.swift in Sources */,
				CF86C7972A6ACDAA002EC9B6 /* CellDetailsRow.swift in Sources */,
				CF5756152B2F232A00C7C60A /* cellguard.swift in Sources */,
				CF5EF9222977FCF800C4F50A /* CellTechnologyFormatter.swift in Sources */,
				CF93B85629800451003F9FFE /* CellFileKeys.swift in Sources */,
				CFBEC8462BC7F7100021C0B9 /* Packet.swift in Sources */,
			);
			runOnlyForDeploymentPostprocessing = 0;
		};
		CFD023442961A10E00AA5A1C /* Sources */ = {
			isa = PBXSourcesBuildPhase;
			buildActionMask = 2147483647;
			files = (
				CF90EF1B2A30BDD200E7FDB0 /* QMIParserTests.swift in Sources */,
				CF4E539E2A31E7E100AE2059 /* ARIDefinitionTests.swift in Sources */,
				CF5EF9262978689B00C4F50A /* ALSVerifierTests.swift in Sources */,
				CF4E539A2A31DAAA00AE2059 /* QMIDefinitionsTests.swift in Sources */,
				CFD0234D2961A10E00AA5A1C /* CellGuardTests.swift in Sources */,
				CF5CBB8D29687CBB001CE9BE /* CCTParserTests.swift in Sources */,
				CFD023742961DF7400AA5A1C /* ALSClientTests.swift in Sources */,
				CF320F5729621C42009BAD18 /* CCTClientTests.swift in Sources */,
				CF90EF1D2A30E7FD00E7FDB0 /* ARIParserTests.swift in Sources */,
			);
			runOnlyForDeploymentPostprocessing = 0;
		};
		CFD0234E2961A10E00AA5A1C /* Sources */ = {
			isa = PBXSourcesBuildPhase;
			buildActionMask = 2147483647;
			files = (
				CFD023592961A10E00AA5A1C /* CellGuardUITestsLaunchTests.swift in Sources */,
				CFD023572961A10E00AA5A1C /* CellGuardUITests.swift in Sources */,
			);
			runOnlyForDeploymentPostprocessing = 0;
		};
/* End PBXSourcesBuildPhase section */

/* Begin PBXTargetDependency section */
		CFD0234A2961A10E00AA5A1C /* PBXTargetDependency */ = {
			isa = PBXTargetDependency;
			target = CFD023322961A10D00AA5A1C /* CellGuard */;
			targetProxy = CFD023492961A10E00AA5A1C /* PBXContainerItemProxy */;
		};
		CFD023542961A10E00AA5A1C /* PBXTargetDependency */ = {
			isa = PBXTargetDependency;
			target = CFD023322961A10D00AA5A1C /* CellGuard */;
			targetProxy = CFD023532961A10E00AA5A1C /* PBXContainerItemProxy */;
		};
/* End PBXTargetDependency section */

/* Begin XCBuildConfiguration section */
		CFD0235A2961A10E00AA5A1C /* Debug */ = {
			isa = XCBuildConfiguration;
			buildSettings = {
				ALWAYS_SEARCH_USER_PATHS = NO;
				ASSETCATALOG_COMPILER_GENERATE_SWIFT_ASSET_SYMBOL_EXTENSIONS = YES;
				CLANG_ANALYZER_NONNULL = YES;
				CLANG_ANALYZER_NUMBER_OBJECT_CONVERSION = YES_AGGRESSIVE;
				CLANG_CXX_LANGUAGE_STANDARD = "gnu++20";
				CLANG_ENABLE_MODULES = YES;
				CLANG_ENABLE_OBJC_ARC = YES;
				CLANG_ENABLE_OBJC_WEAK = YES;
				CLANG_WARN_BLOCK_CAPTURE_AUTORELEASING = YES;
				CLANG_WARN_BOOL_CONVERSION = YES;
				CLANG_WARN_COMMA = YES;
				CLANG_WARN_CONSTANT_CONVERSION = YES;
				CLANG_WARN_DEPRECATED_OBJC_IMPLEMENTATIONS = YES;
				CLANG_WARN_DIRECT_OBJC_ISA_USAGE = YES_ERROR;
				CLANG_WARN_DOCUMENTATION_COMMENTS = YES;
				CLANG_WARN_EMPTY_BODY = YES;
				CLANG_WARN_ENUM_CONVERSION = YES;
				CLANG_WARN_INFINITE_RECURSION = YES;
				CLANG_WARN_INT_CONVERSION = YES;
				CLANG_WARN_NON_LITERAL_NULL_CONVERSION = YES;
				CLANG_WARN_OBJC_IMPLICIT_RETAIN_SELF = YES;
				CLANG_WARN_OBJC_LITERAL_CONVERSION = YES;
				CLANG_WARN_OBJC_ROOT_CLASS = YES_ERROR;
				CLANG_WARN_QUOTED_INCLUDE_IN_FRAMEWORK_HEADER = YES;
				CLANG_WARN_RANGE_LOOP_ANALYSIS = YES;
				CLANG_WARN_STRICT_PROTOTYPES = YES;
				CLANG_WARN_SUSPICIOUS_MOVE = YES;
				CLANG_WARN_UNGUARDED_AVAILABILITY = YES_AGGRESSIVE;
				CLANG_WARN_UNREACHABLE_CODE = YES;
				CLANG_WARN__DUPLICATE_METHOD_MATCH = YES;
				COPY_PHASE_STRIP = NO;
				DEBUG_INFORMATION_FORMAT = dwarf;
				ENABLE_STRICT_OBJC_MSGSEND = YES;
				ENABLE_TESTABILITY = YES;
				ENABLE_USER_SCRIPT_SANDBOXING = YES;
				GCC_C_LANGUAGE_STANDARD = gnu11;
				GCC_DYNAMIC_NO_PIC = NO;
				GCC_NO_COMMON_BLOCKS = YES;
				GCC_OPTIMIZATION_LEVEL = 0;
				GCC_PREPROCESSOR_DEFINITIONS = (
					"DEBUG=1",
					"$(inherited)",
				);
				GCC_WARN_64_TO_32_BIT_CONVERSION = YES;
				GCC_WARN_ABOUT_RETURN_TYPE = YES_ERROR;
				GCC_WARN_UNDECLARED_SELECTOR = YES;
				GCC_WARN_UNINITIALIZED_AUTOS = YES_AGGRESSIVE;
				GCC_WARN_UNUSED_FUNCTION = YES;
				GCC_WARN_UNUSED_VARIABLE = YES;
				MTL_ENABLE_DEBUG_INFO = INCLUDE_SOURCE;
				MTL_FAST_MATH = YES;
				ONLY_ACTIVE_ARCH = YES;
				SDKROOT = iphoneos;
				SWIFT_ACTIVE_COMPILATION_CONDITIONS = DEBUG;
				SWIFT_OPTIMIZATION_LEVEL = "-Onone";
			};
			name = Debug;
		};
		CFD0235B2961A10E00AA5A1C /* Release */ = {
			isa = XCBuildConfiguration;
			buildSettings = {
				ALWAYS_SEARCH_USER_PATHS = NO;
				ASSETCATALOG_COMPILER_GENERATE_SWIFT_ASSET_SYMBOL_EXTENSIONS = YES;
				CLANG_ANALYZER_NONNULL = YES;
				CLANG_ANALYZER_NUMBER_OBJECT_CONVERSION = YES_AGGRESSIVE;
				CLANG_CXX_LANGUAGE_STANDARD = "gnu++20";
				CLANG_ENABLE_MODULES = YES;
				CLANG_ENABLE_OBJC_ARC = YES;
				CLANG_ENABLE_OBJC_WEAK = YES;
				CLANG_WARN_BLOCK_CAPTURE_AUTORELEASING = YES;
				CLANG_WARN_BOOL_CONVERSION = YES;
				CLANG_WARN_COMMA = YES;
				CLANG_WARN_CONSTANT_CONVERSION = YES;
				CLANG_WARN_DEPRECATED_OBJC_IMPLEMENTATIONS = YES;
				CLANG_WARN_DIRECT_OBJC_ISA_USAGE = YES_ERROR;
				CLANG_WARN_DOCUMENTATION_COMMENTS = YES;
				CLANG_WARN_EMPTY_BODY = YES;
				CLANG_WARN_ENUM_CONVERSION = YES;
				CLANG_WARN_INFINITE_RECURSION = YES;
				CLANG_WARN_INT_CONVERSION = YES;
				CLANG_WARN_NON_LITERAL_NULL_CONVERSION = YES;
				CLANG_WARN_OBJC_IMPLICIT_RETAIN_SELF = YES;
				CLANG_WARN_OBJC_LITERAL_CONVERSION = YES;
				CLANG_WARN_OBJC_ROOT_CLASS = YES_ERROR;
				CLANG_WARN_QUOTED_INCLUDE_IN_FRAMEWORK_HEADER = YES;
				CLANG_WARN_RANGE_LOOP_ANALYSIS = YES;
				CLANG_WARN_STRICT_PROTOTYPES = YES;
				CLANG_WARN_SUSPICIOUS_MOVE = YES;
				CLANG_WARN_UNGUARDED_AVAILABILITY = YES_AGGRESSIVE;
				CLANG_WARN_UNREACHABLE_CODE = YES;
				CLANG_WARN__DUPLICATE_METHOD_MATCH = YES;
				COPY_PHASE_STRIP = NO;
				DEBUG_INFORMATION_FORMAT = "dwarf-with-dsym";
				ENABLE_NS_ASSERTIONS = NO;
				ENABLE_STRICT_OBJC_MSGSEND = YES;
				ENABLE_USER_SCRIPT_SANDBOXING = YES;
				GCC_C_LANGUAGE_STANDARD = gnu11;
				GCC_NO_COMMON_BLOCKS = YES;
				GCC_WARN_64_TO_32_BIT_CONVERSION = YES;
				GCC_WARN_ABOUT_RETURN_TYPE = YES_ERROR;
				GCC_WARN_UNDECLARED_SELECTOR = YES;
				GCC_WARN_UNINITIALIZED_AUTOS = YES_AGGRESSIVE;
				GCC_WARN_UNUSED_FUNCTION = YES;
				GCC_WARN_UNUSED_VARIABLE = YES;
				MTL_ENABLE_DEBUG_INFO = NO;
				MTL_FAST_MATH = YES;
				SDKROOT = iphoneos;
				SWIFT_COMPILATION_MODE = wholemodule;
				SWIFT_OPTIMIZATION_LEVEL = "-O";
				VALIDATE_PRODUCT = YES;
			};
			name = Release;
		};
		CFD0235D2961A10E00AA5A1C /* Debug */ = {
			isa = XCBuildConfiguration;
			buildSettings = {
				ASSETCATALOG_COMPILER_APPICON_NAME = AppIcon;
				ASSETCATALOG_COMPILER_GLOBAL_ACCENT_COLOR_NAME = AccentColor;
				CODE_SIGN_IDENTITY = "Apple Development";
				CODE_SIGN_STYLE = Automatic;
				CURRENT_PROJECT_VERSION = 1;
				DEVELOPMENT_ASSET_PATHS = "\"CellGuard/Preview Content\"";
				DEVELOPMENT_TEAM = K2B79VWGA3;
				ENABLE_PREVIEWS = YES;
				ENABLE_USER_SCRIPT_SANDBOXING = NO;
				GENERATE_INFOPLIST_FILE = YES;
				INFOPLIST_FILE = CellGuard/Info.plist;
				INFOPLIST_KEY_CFBundleDisplayName = CellGuard;
				INFOPLIST_KEY_LSApplicationCategoryType = "public.app-category.developer-tools";
				INFOPLIST_KEY_LSSupportsOpeningDocumentsInPlace = YES;
				INFOPLIST_KEY_NSLocationAlwaysAndWhenInUseUsageDescription = "CellGuard accesses your location to check for malicious cells, please select 'Change to Always Allow'";
				INFOPLIST_KEY_NSLocationWhenInUseUsageDescription = "CellGuard accesses your location to check for malicious cells, please select 'Allow While Using App'";
				INFOPLIST_KEY_UIApplicationSceneManifest_Generation = YES;
				INFOPLIST_KEY_UIApplicationSupportsIndirectInputEvents = YES;
				INFOPLIST_KEY_UILaunchScreen_Generation = YES;
				INFOPLIST_KEY_UILaunchStoryboardName = LaunchScreen.storyboard;
				INFOPLIST_KEY_UISupportedInterfaceOrientations = UIInterfaceOrientationPortrait;
				INFOPLIST_KEY_UISupportedInterfaceOrientations_iPad = "UIInterfaceOrientationLandscapeLeft UIInterfaceOrientationLandscapeRight UIInterfaceOrientationPortrait UIInterfaceOrientationPortraitUpsideDown";
				IPHONEOS_DEPLOYMENT_TARGET = 14.0;
				LD_RUNPATH_SEARCH_PATHS = (
					"$(inherited)",
					"@executable_path/Frameworks",
				);
				LIBRARY_SEARCH_PATHS = "$(PROJECT_DIR)/../target/universal/debug";
				MARKETING_VERSION = 1.4.1;
				PRODUCT_BUNDLE_IDENTIFIER = "de.tu-darmstadt.www.cellguard.ios";
				PRODUCT_NAME = "$(TARGET_NAME)";
				PROVISIONING_PROFILE_SPECIFIER = "";
				SWIFT_EMIT_LOC_STRINGS = YES;
				SWIFT_OBJC_BRIDGING_HEADER = "$(PROJECT_DIR)/BridgingHeader.h";
				SWIFT_VERSION = 5.0;
				TARGETED_DEVICE_FAMILY = "1,2";
			};
			name = Debug;
		};
		CFD0235E2961A10E00AA5A1C /* Release */ = {
			isa = XCBuildConfiguration;
			buildSettings = {
				ASSETCATALOG_COMPILER_APPICON_NAME = AppIcon;
				ASSETCATALOG_COMPILER_GLOBAL_ACCENT_COLOR_NAME = AccentColor;
				CODE_SIGN_IDENTITY = "Apple Development";
				CODE_SIGN_STYLE = Automatic;
				CURRENT_PROJECT_VERSION = 1;
				DEVELOPMENT_ASSET_PATHS = "\"CellGuard/Preview Content\"";
				DEVELOPMENT_TEAM = K2B79VWGA3;
				ENABLE_PREVIEWS = YES;
				ENABLE_USER_SCRIPT_SANDBOXING = NO;
				GENERATE_INFOPLIST_FILE = YES;
				INFOPLIST_FILE = CellGuard/Info.plist;
				INFOPLIST_KEY_CFBundleDisplayName = CellGuard;
				INFOPLIST_KEY_LSApplicationCategoryType = "public.app-category.developer-tools";
				INFOPLIST_KEY_LSSupportsOpeningDocumentsInPlace = YES;
				INFOPLIST_KEY_NSLocationAlwaysAndWhenInUseUsageDescription = "CellGuard accesses your location to check for malicious cells, please select 'Change to Always Allow'";
				INFOPLIST_KEY_NSLocationWhenInUseUsageDescription = "CellGuard accesses your location to check for malicious cells, please select 'Allow While Using App'";
				INFOPLIST_KEY_UIApplicationSceneManifest_Generation = YES;
				INFOPLIST_KEY_UIApplicationSupportsIndirectInputEvents = YES;
				INFOPLIST_KEY_UILaunchScreen_Generation = YES;
				INFOPLIST_KEY_UILaunchStoryboardName = LaunchScreen.storyboard;
				INFOPLIST_KEY_UISupportedInterfaceOrientations = UIInterfaceOrientationPortrait;
				INFOPLIST_KEY_UISupportedInterfaceOrientations_iPad = "UIInterfaceOrientationLandscapeLeft UIInterfaceOrientationLandscapeRight UIInterfaceOrientationPortrait UIInterfaceOrientationPortraitUpsideDown";
				IPHONEOS_DEPLOYMENT_TARGET = 14.0;
				LD_RUNPATH_SEARCH_PATHS = (
					"$(inherited)",
					"@executable_path/Frameworks",
				);
				LIBRARY_SEARCH_PATHS = "$(PROJECT_DIR)/../target/universal/release";
				MARKETING_VERSION = 1.4.1;
				PRODUCT_BUNDLE_IDENTIFIER = "de.tu-darmstadt.www.cellguard.ios";
				PRODUCT_NAME = "$(TARGET_NAME)";
				PROVISIONING_PROFILE_SPECIFIER = "";
				SWIFT_EMIT_LOC_STRINGS = YES;
				SWIFT_OBJC_BRIDGING_HEADER = "$(PROJECT_DIR)/BridgingHeader.h";
				SWIFT_VERSION = 5.0;
				TARGETED_DEVICE_FAMILY = "1,2";
			};
			name = Release;
		};
		CFD023602961A10E00AA5A1C /* Debug */ = {
			isa = XCBuildConfiguration;
			buildSettings = {
				ALWAYS_EMBED_SWIFT_STANDARD_LIBRARIES = YES;
				BUNDLE_LOADER = "$(TEST_HOST)";
				CODE_SIGN_STYLE = Automatic;
				CURRENT_PROJECT_VERSION = 1;
				DEVELOPMENT_TEAM = 426NCVN7XZ;
				GENERATE_INFOPLIST_FILE = YES;
				IPHONEOS_DEPLOYMENT_TARGET = 14.0;
				MARKETING_VERSION = 1.0;
				PRODUCT_BUNDLE_IDENTIFIER = de.jiska.CellGuardTests;
				PRODUCT_NAME = "$(TARGET_NAME)";
				SWIFT_EMIT_LOC_STRINGS = NO;
				SWIFT_VERSION = 5.0;
				TARGETED_DEVICE_FAMILY = "1,2";
				TEST_HOST = "$(BUILT_PRODUCTS_DIR)/CellGuard.app/$(BUNDLE_EXECUTABLE_FOLDER_PATH)/CellGuard";
			};
			name = Debug;
		};
		CFD023612961A10E00AA5A1C /* Release */ = {
			isa = XCBuildConfiguration;
			buildSettings = {
				ALWAYS_EMBED_SWIFT_STANDARD_LIBRARIES = YES;
				BUNDLE_LOADER = "$(TEST_HOST)";
				CODE_SIGN_STYLE = Automatic;
				CURRENT_PROJECT_VERSION = 1;
				DEVELOPMENT_TEAM = 426NCVN7XZ;
				GENERATE_INFOPLIST_FILE = YES;
				IPHONEOS_DEPLOYMENT_TARGET = 14.0;
				MARKETING_VERSION = 1.0;
				PRODUCT_BUNDLE_IDENTIFIER = de.jiska.CellGuardTests;
				PRODUCT_NAME = "$(TARGET_NAME)";
				SWIFT_EMIT_LOC_STRINGS = NO;
				SWIFT_VERSION = 5.0;
				TARGETED_DEVICE_FAMILY = "1,2";
				TEST_HOST = "$(BUILT_PRODUCTS_DIR)/CellGuard.app/$(BUNDLE_EXECUTABLE_FOLDER_PATH)/CellGuard";
			};
			name = Release;
		};
		CFD023632961A10E00AA5A1C /* Debug */ = {
			isa = XCBuildConfiguration;
			buildSettings = {
				ALWAYS_EMBED_SWIFT_STANDARD_LIBRARIES = YES;
				CODE_SIGN_STYLE = Automatic;
				CURRENT_PROJECT_VERSION = 1;
				DEVELOPMENT_TEAM = 426NCVN7XZ;
				GENERATE_INFOPLIST_FILE = YES;
				MARKETING_VERSION = 1.0;
				PRODUCT_BUNDLE_IDENTIFIER = de.jiska.CellGuardUITests;
				PRODUCT_NAME = "$(TARGET_NAME)";
				SWIFT_EMIT_LOC_STRINGS = NO;
				SWIFT_VERSION = 5.0;
				TARGETED_DEVICE_FAMILY = "1,2";
				TEST_TARGET_NAME = CellGuard;
			};
			name = Debug;
		};
		CFD023642961A10E00AA5A1C /* Release */ = {
			isa = XCBuildConfiguration;
			buildSettings = {
				ALWAYS_EMBED_SWIFT_STANDARD_LIBRARIES = YES;
				CODE_SIGN_STYLE = Automatic;
				CURRENT_PROJECT_VERSION = 1;
				DEVELOPMENT_TEAM = 426NCVN7XZ;
				GENERATE_INFOPLIST_FILE = YES;
				MARKETING_VERSION = 1.0;
				PRODUCT_BUNDLE_IDENTIFIER = de.jiska.CellGuardUITests;
				PRODUCT_NAME = "$(TARGET_NAME)";
				SWIFT_EMIT_LOC_STRINGS = NO;
				SWIFT_VERSION = 5.0;
				TARGETED_DEVICE_FAMILY = "1,2";
				TEST_TARGET_NAME = CellGuard;
			};
			name = Release;
		};
/* End XCBuildConfiguration section */

/* Begin XCConfigurationList section */
		CFD0232E2961A10D00AA5A1C /* Build configuration list for PBXProject "CellGuard" */ = {
			isa = XCConfigurationList;
			buildConfigurations = (
				CFD0235A2961A10E00AA5A1C /* Debug */,
				CFD0235B2961A10E00AA5A1C /* Release */,
			);
			defaultConfigurationIsVisible = 0;
			defaultConfigurationName = Release;
		};
		CFD0235C2961A10E00AA5A1C /* Build configuration list for PBXNativeTarget "CellGuard" */ = {
			isa = XCConfigurationList;
			buildConfigurations = (
				CFD0235D2961A10E00AA5A1C /* Debug */,
				CFD0235E2961A10E00AA5A1C /* Release */,
			);
			defaultConfigurationIsVisible = 0;
			defaultConfigurationName = Release;
		};
		CFD0235F2961A10E00AA5A1C /* Build configuration list for PBXNativeTarget "CellGuardTests" */ = {
			isa = XCConfigurationList;
			buildConfigurations = (
				CFD023602961A10E00AA5A1C /* Debug */,
				CFD023612961A10E00AA5A1C /* Release */,
			);
			defaultConfigurationIsVisible = 0;
			defaultConfigurationName = Release;
		};
		CFD023622961A10E00AA5A1C /* Build configuration list for PBXNativeTarget "CellGuardUITests" */ = {
			isa = XCConfigurationList;
			buildConfigurations = (
				CFD023632961A10E00AA5A1C /* Debug */,
				CFD023642961A10E00AA5A1C /* Release */,
			);
			defaultConfigurationIsVisible = 0;
			defaultConfigurationName = Release;
		};
/* End XCConfigurationList section */

/* Begin XCRemoteSwiftPackageReference section */
		CF2002EB2A2F3244000922E6 /* XCRemoteSwiftPackageReference "BinarySwift" */ = {
			isa = XCRemoteSwiftPackageReference;
			repositoryURL = "https://github.com/Szaq/BinarySwift";
			requirement = {
				branch = master;
				kind = branch;
			};
		};
		CF57561E2B2F266700C7C60A /* XCRemoteSwiftPackageReference "SWCompression" */ = {
			isa = XCRemoteSwiftPackageReference;
			repositoryURL = "https://github.com/tsolomko/SWCompression";
			requirement = {
				kind = upToNextMajorVersion;
				minimumVersion = 4.8.5;
			};
		};
		CF8D331F2AC194A4009CA3F0 /* XCRemoteSwiftPackageReference "swift-atomics" */ = {
			isa = XCRemoteSwiftPackageReference;
			repositoryURL = "https://github.com/apple/swift-atomics.git";
			requirement = {
				kind = upToNextMajorVersion;
				minimumVersion = 1.1.0;
			};
		};
		CF92370F2A3E069D00FC7D21 /* XCRemoteSwiftPackageReference "GzipSwift" */ = {
			isa = XCRemoteSwiftPackageReference;
			repositoryURL = "https://github.com/1024jp/GzipSwift";
			requirement = {
				kind = upToNextMajorVersion;
				minimumVersion = 6.0.0;
			};
		};
		CF9EEEE42B347A7000F9B6D8 /* XCRemoteSwiftPackageReference "Regex" */ = {
			isa = XCRemoteSwiftPackageReference;
			repositoryURL = "https://github.com/sharplet/Regex";
			requirement = {
				kind = upToNextMajorVersion;
				minimumVersion = 2.1.1;
			};
		};
		CFA632532AB3501800D46025 /* XCRemoteSwiftPackageReference "CSV.swift" */ = {
			isa = XCRemoteSwiftPackageReference;
			repositoryURL = "https://github.com/yaslab/CSV.swift.git";
			requirement = {
				kind = upToNextMajorVersion;
				minimumVersion = 2.0.0;
			};
		};
		CFA632562AB3503400D46025 /* XCRemoteSwiftPackageReference "ZIPFoundation" */ = {
			isa = XCRemoteSwiftPackageReference;
			repositoryURL = "https://github.com/weichsel/ZIPFoundation";
			requirement = {
				kind = upToNextMajorVersion;
				minimumVersion = 0.9.16;
			};
		};
		CFD0236B2961AD1500AA5A1C /* XCRemoteSwiftPackageReference "swift-protobuf" */ = {
			isa = XCRemoteSwiftPackageReference;
			repositoryURL = "https://github.com/apple/swift-protobuf.git";
			requirement = {
				kind = upToNextMajorVersion;
				minimumVersion = 1.0.0;
			};
		};
		CFFF19DD2BC6CF0A004E40CE /* XCRemoteSwiftPackageReference "AcknowList" */ = {
			isa = XCRemoteSwiftPackageReference;
			repositoryURL = "https://github.com/vtourraine/AcknowList";
			requirement = {
				kind = upToNextMajorVersion;
				minimumVersion = 3.1.0;
			};
		};
/* End XCRemoteSwiftPackageReference section */

/* Begin XCSwiftPackageProductDependency section */
		CF2002EC2A2F3244000922E6 /* BinarySwift */ = {
			isa = XCSwiftPackageProductDependency;
			package = CF2002EB2A2F3244000922E6 /* XCRemoteSwiftPackageReference "BinarySwift" */;
			productName = BinarySwift;
		};
		CF57561F2B2F266700C7C60A /* SWCompression */ = {
			isa = XCSwiftPackageProductDependency;
			package = CF57561E2B2F266700C7C60A /* XCRemoteSwiftPackageReference "SWCompression" */;
			productName = SWCompression;
		};
		CF8D33202AC194A4009CA3F0 /* Atomics */ = {
			isa = XCSwiftPackageProductDependency;
			package = CF8D331F2AC194A4009CA3F0 /* XCRemoteSwiftPackageReference "swift-atomics" */;
			productName = Atomics;
		};
		CF9237102A3E069D00FC7D21 /* Gzip */ = {
			isa = XCSwiftPackageProductDependency;
			package = CF92370F2A3E069D00FC7D21 /* XCRemoteSwiftPackageReference "GzipSwift" */;
			productName = Gzip;
		};
		CF9EEEE52B347A7000F9B6D8 /* Regex */ = {
			isa = XCSwiftPackageProductDependency;
			package = CF9EEEE42B347A7000F9B6D8 /* XCRemoteSwiftPackageReference "Regex" */;
			productName = Regex;
		};
		CFA632542AB3501800D46025 /* CSV */ = {
			isa = XCSwiftPackageProductDependency;
			package = CFA632532AB3501800D46025 /* XCRemoteSwiftPackageReference "CSV.swift" */;
			productName = CSV;
		};
		CFA632572AB3503400D46025 /* ZIPFoundation */ = {
			isa = XCSwiftPackageProductDependency;
			package = CFA632562AB3503400D46025 /* XCRemoteSwiftPackageReference "ZIPFoundation" */;
			productName = ZIPFoundation;
		};
		CFD0236C2961AD1500AA5A1C /* SwiftProtobuf */ = {
			isa = XCSwiftPackageProductDependency;
			package = CFD0236B2961AD1500AA5A1C /* XCRemoteSwiftPackageReference "swift-protobuf" */;
			productName = SwiftProtobuf;
		};
		CFFF19E02BC6D045004E40CE /* AcknowList */ = {
			isa = XCSwiftPackageProductDependency;
			package = CFFF19DD2BC6CF0A004E40CE /* XCRemoteSwiftPackageReference "AcknowList" */;
			productName = AcknowList;
		};
/* End XCSwiftPackageProductDependency section */

/* Begin XCVersionGroup section */
		CFD023412961A10D00AA5A1C /* CellGuard.xcdatamodeld */ = {
			isa = XCVersionGroup;
			children = (
				CFD023422961A10D00AA5A1C /* CellGuard.xcdatamodel */,
			);
			currentVersion = CFD023422961A10D00AA5A1C /* CellGuard.xcdatamodel */;
			path = CellGuard.xcdatamodeld;
			sourceTree = "<group>";
			versionGroupType = wrapper.xcdatamodel;
		};
/* End XCVersionGroup section */
	};
	rootObject = CFD0232B2961A10D00AA5A1C /* Project object */;
}
